// !$*UTF8*$!
{
	archiveVersion = 1;
	classes = {
	};
	objectVersion = 46;
	objects = {

/* Begin PBXBuildFile section */
		C7155A331A02E41700C4A6C4 /* main.m in Sources */ = {isa = PBXBuildFile; fileRef = C7155A321A02E41700C4A6C4 /* main.m */; };
		C7155A361A02E41700C4A6C4 /* AppDelegate.m in Sources */ = {isa = PBXBuildFile; fileRef = C7155A351A02E41700C4A6C4 /* AppDelegate.m */; };
		C7155A391A02E41700C4A6C4 /* iCloudApp.xcdatamodeld in Sources */ = {isa = PBXBuildFile; fileRef = C7155A371A02E41700C4A6C4 /* iCloudApp.xcdatamodeld */; };
		C7155A3C1A02E41700C4A6C4 /* MasterViewController.m in Sources */ = {isa = PBXBuildFile; fileRef = C7155A3B1A02E41700C4A6C4 /* MasterViewController.m */; };
		C7155A3F1A02E41700C4A6C4 /* DetailViewController.m in Sources */ = {isa = PBXBuildFile; fileRef = C7155A3E1A02E41700C4A6C4 /* DetailViewController.m */; };
		C7155A421A02E41700C4A6C4 /* Main.storyboard in Resources */ = {isa = PBXBuildFile; fileRef = C7155A401A02E41700C4A6C4 /* Main.storyboard */; };
		C7155A441A02E41700C4A6C4 /* Images.xcassets in Resources */ = {isa = PBXBuildFile; fileRef = C7155A431A02E41700C4A6C4 /* Images.xcassets */; };
		C7155A471A02E41700C4A6C4 /* LaunchScreen.xib in Resources */ = {isa = PBXBuildFile; fileRef = C7155A451A02E41700C4A6C4 /* LaunchScreen.xib */; };
		C7155A531A02E41700C4A6C4 /* iCloudAppTests.m in Sources */ = {isa = PBXBuildFile; fileRef = C7155A521A02E41700C4A6C4 /* iCloudAppTests.m */; };
/* End PBXBuildFile section */

/* Begin PBXContainerItemProxy section */
		C7155A4D1A02E41700C4A6C4 /* PBXContainerItemProxy */ = {
			isa = PBXContainerItemProxy;
			containerPortal = C7155A251A02E41700C4A6C4 /* Project object */;
			proxyType = 1;
			remoteGlobalIDString = C7155A2C1A02E41700C4A6C4;
			remoteInfo = iCloudApp;
		};
/* End PBXContainerItemProxy section */

/* Begin PBXFileReference section */
		C7155A2D1A02E41700C4A6C4 /* iCloudApp.app */ = {isa = PBXFileReference; explicitFileType = wrapper.application; includeInIndex = 0; path = iCloudApp.app; sourceTree = BUILT_PRODUCTS_DIR; };
		C7155A311A02E41700C4A6C4 /* Info.plist */ = {isa = PBXFileReference; lastKnownFileType = text.plist.xml; path = Info.plist; sourceTree = "<group>"; };
		C7155A321A02E41700C4A6C4 /* main.m */ = {isa = PBXFileReference; lastKnownFileType = sourcecode.c.objc; path = main.m; sourceTree = "<group>"; };
		C7155A341A02E41700C4A6C4 /* AppDelegate.h */ = {isa = PBXFileReference; lastKnownFileType = sourcecode.c.h; path = AppDelegate.h; sourceTree = "<group>"; };
		C7155A351A02E41700C4A6C4 /* AppDelegate.m */ = {isa = PBXFileReference; lastKnownFileType = sourcecode.c.objc; path = AppDelegate.m; sourceTree = "<group>"; };
		C7155A381A02E41700C4A6C4 /* iCloudApp.xcdatamodel */ = {isa = PBXFileReference; lastKnownFileType = wrapper.xcdatamodel; path = iCloudApp.xcdatamodel; sourceTree = "<group>"; };
		C7155A3A1A02E41700C4A6C4 /* MasterViewController.h */ = {isa = PBXFileReference; lastKnownFileType = sourcecode.c.h; path = MasterViewController.h; sourceTree = "<group>"; };
		C7155A3B1A02E41700C4A6C4 /* MasterViewController.m */ = {isa = PBXFileReference; lastKnownFileType = sourcecode.c.objc; path = MasterViewController.m; sourceTree = "<group>"; };
		C7155A3D1A02E41700C4A6C4 /* DetailViewController.h */ = {isa = PBXFileReference; lastKnownFileType = sourcecode.c.h; path = DetailViewController.h; sourceTree = "<group>"; };
		C7155A3E1A02E41700C4A6C4 /* DetailViewController.m */ = {isa = PBXFileReference; lastKnownFileType = sourcecode.c.objc; path = DetailViewController.m; sourceTree = "<group>"; };
		C7155A411A02E41700C4A6C4 /* Base */ = {isa = PBXFileReference; lastKnownFileType = file.storyboard; name = Base; path = Base.lproj/Main.storyboard; sourceTree = "<group>"; };
		C7155A431A02E41700C4A6C4 /* Images.xcassets */ = {isa = PBXFileReference; lastKnownFileType = folder.assetcatalog; path = Images.xcassets; sourceTree = "<group>"; };
		C7155A461A02E41700C4A6C4 /* Base */ = {isa = PBXFileReference; lastKnownFileType = file.xib; name = Base; path = Base.lproj/LaunchScreen.xib; sourceTree = "<group>"; };
		C7155A4C1A02E41700C4A6C4 /* iCloudAppTests.xctest */ = {isa = PBXFileReference; explicitFileType = wrapper.cfbundle; includeInIndex = 0; path = iCloudAppTests.xctest; sourceTree = BUILT_PRODUCTS_DIR; };
		C7155A511A02E41700C4A6C4 /* Info.plist */ = {isa = PBXFileReference; lastKnownFileType = text.plist.xml; path = Info.plist; sourceTree = "<group>"; };
		C7155A521A02E41700C4A6C4 /* iCloudAppTests.m */ = {isa = PBXFileReference; lastKnownFileType = sourcecode.c.objc; path = iCloudAppTests.m; sourceTree = "<group>"; };
		C7155A5C1A0325AB00C4A6C4 /* iCloudApp.entitlements */ = {isa = PBXFileReference; lastKnownFileType = text.xml; path = iCloudApp.entitlements; sourceTree = "<group>"; };
/* End PBXFileReference section */

/* Begin PBXFrameworksBuildPhase section */
		C7155A2A1A02E41700C4A6C4 /* Frameworks */ = {
			isa = PBXFrameworksBuildPhase;
			buildActionMask = 2147483647;
			files = (
			);
			runOnlyForDeploymentPostprocessing = 0;
		};
		C7155A491A02E41700C4A6C4 /* Frameworks */ = {
			isa = PBXFrameworksBuildPhase;
			buildActionMask = 2147483647;
			files = (
			);
			runOnlyForDeploymentPostprocessing = 0;
		};
/* End PBXFrameworksBuildPhase section */

/* Begin PBXGroup section */
		C7155A241A02E41700C4A6C4 = {
			isa = PBXGroup;
			children = (
				C7155A2F1A02E41700C4A6C4 /* iCloudApp */,
				C7155A4F1A02E41700C4A6C4 /* iCloudAppTests */,
				C7155A2E1A02E41700C4A6C4 /* Products */,
			);
			sourceTree = "<group>";
		};
		C7155A2E1A02E41700C4A6C4 /* Products */ = {
			isa = PBXGroup;
			children = (
				C7155A2D1A02E41700C4A6C4 /* iCloudApp.app */,
				C7155A4C1A02E41700C4A6C4 /* iCloudAppTests.xctest */,
			);
			name = Products;
			sourceTree = "<group>";
		};
		C7155A2F1A02E41700C4A6C4 /* iCloudApp */ = {
			isa = PBXGroup;
			children = (
				C7155A5C1A0325AB00C4A6C4 /* iCloudApp.entitlements */,
				C7155A341A02E41700C4A6C4 /* AppDelegate.h */,
				C7155A351A02E41700C4A6C4 /* AppDelegate.m */,
				C7155A3A1A02E41700C4A6C4 /* MasterViewController.h */,
				C7155A3B1A02E41700C4A6C4 /* MasterViewController.m */,
				C7155A3D1A02E41700C4A6C4 /* DetailViewController.h */,
				C7155A3E1A02E41700C4A6C4 /* DetailViewController.m */,
				C7155A401A02E41700C4A6C4 /* Main.storyboard */,
				C7155A431A02E41700C4A6C4 /* Images.xcassets */,
				C7155A451A02E41700C4A6C4 /* LaunchScreen.xib */,
				C7155A371A02E41700C4A6C4 /* iCloudApp.xcdatamodeld */,
				C7155A301A02E41700C4A6C4 /* Supporting Files */,
			);
			path = iCloudApp;
			sourceTree = "<group>";
		};
		C7155A301A02E41700C4A6C4 /* Supporting Files */ = {
			isa = PBXGroup;
			children = (
				C7155A311A02E41700C4A6C4 /* Info.plist */,
				C7155A321A02E41700C4A6C4 /* main.m */,
			);
			name = "Supporting Files";
			sourceTree = "<group>";
		};
		C7155A4F1A02E41700C4A6C4 /* iCloudAppTests */ = {
			isa = PBXGroup;
			children = (
				C7155A521A02E41700C4A6C4 /* iCloudAppTests.m */,
				C7155A501A02E41700C4A6C4 /* Supporting Files */,
			);
			path = iCloudAppTests;
			sourceTree = "<group>";
		};
		C7155A501A02E41700C4A6C4 /* Supporting Files */ = {
			isa = PBXGroup;
			children = (
				C7155A511A02E41700C4A6C4 /* Info.plist */,
			);
			name = "Supporting Files";
			sourceTree = "<group>";
		};
/* End PBXGroup section */

/* Begin PBXNativeTarget section */
		C7155A2C1A02E41700C4A6C4 /* iCloudApp */ = {
			isa = PBXNativeTarget;
			buildConfigurationList = C7155A561A02E41700C4A6C4 /* Build configuration list for PBXNativeTarget "iCloudApp" */;
			buildPhases = (
				C7155A291A02E41700C4A6C4 /* Sources */,
				C7155A2A1A02E41700C4A6C4 /* Frameworks */,
				C7155A2B1A02E41700C4A6C4 /* Resources */,
			);
			buildRules = (
			);
			dependencies = (
			);
			name = iCloudApp;
			productName = iCloudApp;
			productReference = C7155A2D1A02E41700C4A6C4 /* iCloudApp.app */;
			productType = "com.apple.product-type.application";
		};
		C7155A4B1A02E41700C4A6C4 /* iCloudAppTests */ = {
			isa = PBXNativeTarget;
			buildConfigurationList = C7155A591A02E41700C4A6C4 /* Build configuration list for PBXNativeTarget "iCloudAppTests" */;
			buildPhases = (
				C7155A481A02E41700C4A6C4 /* Sources */,
				C7155A491A02E41700C4A6C4 /* Frameworks */,
				C7155A4A1A02E41700C4A6C4 /* Resources */,
			);
			buildRules = (
			);
			dependencies = (
				C7155A4E1A02E41700C4A6C4 /* PBXTargetDependency */,
			);
			name = iCloudAppTests;
			productName = iCloudAppTests;
			productReference = C7155A4C1A02E41700C4A6C4 /* iCloudAppTests.xctest */;
			productType = "com.apple.product-type.bundle.unit-test";
		};
/* End PBXNativeTarget section */

/* Begin PBXProject section */
		C7155A251A02E41700C4A6C4 /* Project object */ = {
			isa = PBXProject;
			attributes = {
				LastUpgradeCheck = 0610;
				ORGANIZATIONNAME = "Michael Privat and Rob Warner";
				TargetAttributes = {
					C7155A2C1A02E41700C4A6C4 = {
						CreatedOnToolsVersion = 6.1;
						DevelopmentTeam = YHKMY3454L;
						SystemCapabilities = {
							com.apple.iCloud = {
								enabled = 1;
							};
						};
					};
					C7155A4B1A02E41700C4A6C4 = {
						CreatedOnToolsVersion = 6.1;
						TestTargetID = C7155A2C1A02E41700C4A6C4;
					};
				};
			};
			buildConfigurationList = C7155A281A02E41700C4A6C4 /* Build configuration list for PBXProject "iCloudApp" */;
			compatibilityVersion = "Xcode 3.2";
			developmentRegion = English;
			hasScannedForEncodings = 0;
			knownRegions = (
				en,
				Base,
			);
			mainGroup = C7155A241A02E41700C4A6C4;
			productRefGroup = C7155A2E1A02E41700C4A6C4 /* Products */;
			projectDirPath = "";
			projectRoot = "";
			targets = (
				C7155A2C1A02E41700C4A6C4 /* iCloudApp */,
				C7155A4B1A02E41700C4A6C4 /* iCloudAppTests */,
			);
		};
/* End PBXProject section */

/* Begin PBXResourcesBuildPhase section */
		C7155A2B1A02E41700C4A6C4 /* Resources */ = {
			isa = PBXResourcesBuildPhase;
			buildActionMask = 2147483647;
			files = (
				C7155A421A02E41700C4A6C4 /* Main.storyboard in Resources */,
				C7155A471A02E41700C4A6C4 /* LaunchScreen.xib in Resources */,
				C7155A441A02E41700C4A6C4 /* Images.xcassets in Resources */,
			);
			runOnlyForDeploymentPostprocessing = 0;
		};
		C7155A4A1A02E41700C4A6C4 /* Resources */ = {
			isa = PBXResourcesBuildPhase;
			buildActionMask = 2147483647;
			files = (
			);
			runOnlyForDeploymentPostprocessing = 0;
		};
/* End PBXResourcesBuildPhase section */

/* Begin PBXSourcesBuildPhase section */
		C7155A291A02E41700C4A6C4 /* Sources */ = {
			isa = PBXSourcesBuildPhase;
			buildActionMask = 2147483647;
			files = (
				C7155A3F1A02E41700C4A6C4 /* DetailViewController.m in Sources */,
				C7155A3C1A02E41700C4A6C4 /* MasterViewController.m in Sources */,
				C7155A361A02E41700C4A6C4 /* AppDelegate.m in Sources */,
				C7155A331A02E41700C4A6C4 /* main.m in Sources */,
				C7155A391A02E41700C4A6C4 /* iCloudApp.xcdatamodeld in Sources */,
			);
			runOnlyForDeploymentPostprocessing = 0;
		};
		C7155A481A02E41700C4A6C4 /* Sources */ = {
			isa = PBXSourcesBuildPhase;
			buildActionMask = 2147483647;
			files = (
				C7155A531A02E41700C4A6C4 /* iCloudAppTests.m in Sources */,
			);
			runOnlyForDeploymentPostprocessing = 0;
		};
/* End PBXSourcesBuildPhase section */

/* Begin PBXTargetDependency section */
		C7155A4E1A02E41700C4A6C4 /* PBXTargetDependency */ = {
			isa = PBXTargetDependency;
			target = C7155A2C1A02E41700C4A6C4 /* iCloudApp */;
			targetProxy = C7155A4D1A02E41700C4A6C4 /* PBXContainerItemProxy */;
		};
/* End PBXTargetDependency section */

/* Begin PBXVariantGroup section */
		C7155A401A02E41700C4A6C4 /* Main.storyboard */ = {
			isa = PBXVariantGroup;
			children = (
				C7155A411A02E41700C4A6C4 /* Base */,
			);
			name = Main.storyboard;
			sourceTree = "<group>";
		};
		C7155A451A02E41700C4A6C4 /* LaunchScreen.xib */ = {
			isa = PBXVariantGroup;
			children = (
				C7155A461A02E41700C4A6C4 /* Base */,
			);
			name = LaunchScreen.xib;
			sourceTree = "<group>";
		};
/* End PBXVariantGroup section */

/* Begin XCBuildConfiguration section */
		C7155A541A02E41700C4A6C4 /* Debug */ = {
			isa = XCBuildConfiguration;
			buildSettings = {
				ALWAYS_SEARCH_USER_PATHS = NO;
				CLANG_CXX_LANGUAGE_STANDARD = "gnu++0x";
				CLANG_CXX_LIBRARY = "libc++";
				CLANG_ENABLE_MODULES = YES;
				CLANG_ENABLE_OBJC_ARC = YES;
				CLANG_WARN_BOOL_CONVERSION = YES;
				CLANG_WARN_CONSTANT_CONVERSION = YES;
				CLANG_WARN_DIRECT_OBJC_ISA_USAGE = YES_ERROR;
				CLANG_WARN_EMPTY_BODY = YES;
				CLANG_WARN_ENUM_CONVERSION = YES;
				CLANG_WARN_INT_CONVERSION = YES;
				CLANG_WARN_OBJC_ROOT_CLASS = YES_ERROR;
				CLANG_WARN_UNREACHABLE_CODE = YES;
				CLANG_WARN__DUPLICATE_METHOD_MATCH = YES;
				"CODE_SIGN_IDENTITY[sdk=iphoneos*]" = "iPhone Developer";
				COPY_PHASE_STRIP = NO;
				ENABLE_STRICT_OBJC_MSGSEND = YES;
				GCC_C_LANGUAGE_STANDARD = gnu99;
				GCC_DYNAMIC_NO_PIC = NO;
				GCC_OPTIMIZATION_LEVEL = 0;
				GCC_PREPROCESSOR_DEFINITIONS = (
					"DEBUG=1",
					"$(inherited)",
				);
				GCC_SYMBOLS_PRIVATE_EXTERN = NO;
				GCC_WARN_64_TO_32_BIT_CONVERSION = YES;
				GCC_WARN_ABOUT_RETURN_TYPE = YES_ERROR;
				GCC_WARN_UNDECLARED_SELECTOR = YES;
				GCC_WARN_UNINITIALIZED_AUTOS = YES_AGGRESSIVE;
				GCC_WARN_UNUSED_FUNCTION = YES;
				GCC_WARN_UNUSED_VARIABLE = YES;
				IPHONEOS_DEPLOYMENT_TARGET = 8.1;
				MTL_ENABLE_DEBUG_INFO = YES;
				ONLY_ACTIVE_ARCH = YES;
				SDKROOT = iphoneos;
			};
			name = Debug;
		};
		C7155A551A02E41700C4A6C4 /* Release */ = {
			isa = XCBuildConfiguration;
			buildSettings = {
				ALWAYS_SEARCH_USER_PATHS = NO;
				CLANG_CXX_LANGUAGE_STANDARD = "gnu++0x";
				CLANG_CXX_LIBRARY = "libc++";
				CLANG_ENABLE_MODULES = YES;
				CLANG_ENABLE_OBJC_ARC = YES;
				CLANG_WARN_BOOL_CONVERSION = YES;
				CLANG_WARN_CONSTANT_CONVERSION = YES;
				CLANG_WARN_DIRECT_OBJC_ISA_USAGE = YES_ERROR;
				CLANG_WARN_EMPTY_BODY = YES;
				CLANG_WARN_ENUM_CONVERSION = YES;
				CLANG_WARN_INT_CONVERSION = YES;
				CLANG_WARN_OBJC_ROOT_CLASS = YES_ERROR;
				CLANG_WARN_UNREACHABLE_CODE = YES;
				CLANG_WARN__DUPLICATE_METHOD_MATCH = YES;
				"CODE_SIGN_IDENTITY[sdk=iphoneos*]" = "iPhone Developer";
				COPY_PHASE_STRIP = YES;
				ENABLE_NS_ASSERTIONS = NO;
				ENABLE_STRICT_OBJC_MSGSEND = YES;
				GCC_C_LANGUAGE_STANDARD = gnu99;
				GCC_WARN_64_TO_32_BIT_CONVERSION = YES;
				GCC_WARN_ABOUT_RETURN_TYPE = YES_ERROR;
				GCC_WARN_UNDECLARED_SELECTOR = YES;
				GCC_WARN_UNINITIALIZED_AUTOS = YES_AGGRESSIVE;
				GCC_WARN_UNUSED_FUNCTION = YES;
				GCC_WARN_UNUSED_VARIABLE = YES;
				IPHONEOS_DEPLOYMENT_TARGET = 8.1;
				MTL_ENABLE_DEBUG_INFO = NO;
				SDKROOT = iphoneos;
				VALIDATE_PRODUCT = YES;
			};
			name = Release;
		};
		C7155A571A02E41700C4A6C4 /* Debug */ = {
			isa = XCBuildConfiguration;
			buildSettings = {
				ASSETCATALOG_COMPILER_APPICON_NAME = AppIcon;
				CODE_SIGN_ENTITLEMENTS = iCloudApp/iCloudApp.entitlements;
				CODE_SIGN_IDENTITY = "iPhone Developer";
				"CODE_SIGN_IDENTITY[sdk=iphoneos*]" = "iPhone Developer";
				INFOPLIST_FILE = iCloudApp/Info.plist;
				LD_RUNPATH_SEARCH_PATHS = "$(inherited) @executable_path/Frameworks";
				PRODUCT_NAME = "$(TARGET_NAME)";
				PROVISIONING_PROFILE = "";
			};
			name = Debug;
		};
		C7155A581A02E41700C4A6C4 /* Release */ = {
			isa = XCBuildConfiguration;
			buildSettings = {
				ASSETCATALOG_COMPILER_APPICON_NAME = AppIcon;
				CODE_SIGN_ENTITLEMENTS = iCloudApp/iCloudApp.entitlements;
				CODE_SIGN_IDENTITY = "iPhone Developer";
				"CODE_SIGN_IDENTITY[sdk=iphoneos*]" = "iPhone Developer";
				INFOPLIST_FILE = iCloudApp/Info.plist;
				LD_RUNPATH_SEARCH_PATHS = "$(inherited) @executable_path/Frameworks";
				PRODUCT_NAME = "$(TARGET_NAME)";
				PROVISIONING_PROFILE = "";
			};
			name = Release;
		};
		C7155A5A1A02E41700C4A6C4 /* Debug */ = {
			isa = XCBuildConfiguration;
			buildSettings = {
				BUNDLE_LOADER = "$(TEST_HOST)";
				FRAMEWORK_SEARCH_PATHS = (
					"$(SDKROOT)/Developer/Library/Frameworks",
					"$(inherited)",
				);
				GCC_PREPROCESSOR_DEFINITIONS = (
					"DEBUG=1",
					"$(inherited)",
				);
				INFOPLIST_FILE = iCloudAppTests/Info.plist;
				LD_RUNPATH_SEARCH_PATHS = "$(inherited) @executable_path/Frameworks @loader_path/Frameworks";
				PRODUCT_NAME = "$(TARGET_NAME)";
				TEST_HOST = "$(BUILT_PRODUCTS_DIR)/iCloudApp.app/iCloudApp";
			};
			name = Debug;
		};
		C7155A5B1A02E41700C4A6C4 /* Release */ = {
			isa = XCBuildConfiguration;
			buildSettings = {
				BUNDLE_LOADER = "$(TEST_HOST)";
				FRAMEWORK_SEARCH_PATHS = (
					"$(SDKROOT)/Developer/Library/Frameworks",
					"$(inherited)",
				);
				INFOPLIST_FILE = iCloudAppTests/Info.plist;
				LD_RUNPATH_SEARCH_PATHS = "$(inherited) @executable_path/Frameworks @loader_path/Frameworks";
				PRODUCT_NAME = "$(TARGET_NAME)";
				TEST_HOST = "$(BUILT_PRODUCTS_DIR)/iCloudApp.app/iCloudApp";
			};
			name = Release;
		};
/* End XCBuildConfiguration section */

/* Begin XCConfigurationList section */
		C7155A281A02E41700C4A6C4 /* Build configuration list for PBXProject "iCloudApp" */ = {
			isa = XCConfigurationList;
			buildConfigurations = (
				C7155A541A02E41700C4A6C4 /* Debug */,
				C7155A551A02E41700C4A6C4 /* Release */,
			);
			defaultConfigurationIsVisible = 0;
			defaultConfigurationName = Release;
		};
		C7155A561A02E41700C4A6C4 /* Build configuration list for PBXNativeTarget "iCloudApp" */ = {
			isa = XCConfigurationList;
			buildConfigurations = (
				C7155A571A02E41700C4A6C4 /* Debug */,
				C7155A581A02E41700C4A6C4 /* Release */,
			);
			defaultConfigurationIsVisible = 0;
			defaultConfigurationName = Release;
		};
		C7155A591A02E41700C4A6C4 /* Build configuration list for PBXNativeTarget "iCloudAppTests" */ = {
			isa = XCConfigurationList;
			buildConfigurations = (
				C7155A5A1A02E41700C4A6C4 /* Debug */,
				C7155A5B1A02E41700C4A6C4 /* Release */,
			);
			defaultConfigurationIsVisible = 0;
			defaultConfigurationName = Release;
		};
/* End XCConfigurationList section */

/* Begin XCVersionGroup section */
		C7155A371A02E41700C4A6C4 /* iCloudApp.xcdatamodeld */ = {
			isa = XCVersionGroup;
			children = (
				C7155A381A02E41700C4A6C4 /* iCloudApp.xcdatamodel */,
			);
			currentVersion = C7155A381A02E41700C4A6C4 /* iCloudApp.xcdatamodel */;
			path = iCloudApp.xcdatamodeld;
			sourceTree = "<group>";
			versionGroupType = wrapper.xcdatamodel;
		};
/* End XCVersionGroup section */
	};
	rootObject = C7155A251A02E41700C4A6C4 /* Project object */;
}
