// !$*UTF8*$!
{
	archiveVersion = 1;
	classes = {
	};
	objectVersion = 46;
	objects = {

/* Begin PBXBuildFile section */
		3868373319E3ED9D005EF782 /* AppDelegate.swift in Sources */ = {isa = PBXBuildFile; fileRef = 3868373219E3ED9D005EF782 /* AppDelegate.swift */; };
		3868373619E3ED9D005EF782 /* TapOutSwift.xcdatamodeld in Sources */ = {isa = PBXBuildFile; fileRef = 3868373419E3ED9D005EF782 /* TapOutSwift.xcdatamodeld */; };
		3868373819E3ED9D005EF782 /* ViewController.swift in Sources */ = {isa = PBXBuildFile; fileRef = 3868373719E3ED9D005EF782 /* ViewController.swift */; };
		3868373B19E3ED9D005EF782 /* Main.storyboard in Resources */ = {isa = PBXBuildFile; fileRef = 3868373919E3ED9D005EF782 /* Main.storyboard */; };
		3868373D19E3ED9D005EF782 /* Images.xcassets in Resources */ = {isa = PBXBuildFile; fileRef = 3868373C19E3ED9D005EF782 /* Images.xcassets */; };
		3868374019E3ED9D005EF782 /* LaunchScreen.xib in Resources */ = {isa = PBXBuildFile; fileRef = 3868373E19E3ED9D005EF782 /* LaunchScreen.xib */; };
		3868374C19E3ED9D005EF782 /* TapOutSwiftTests.swift in Sources */ = {isa = PBXBuildFile; fileRef = 3868374B19E3ED9D005EF782 /* TapOutSwiftTests.swift */; };
		38DE829D19E5016400326235 /* Persistence.swift in Sources */ = {isa = PBXBuildFile; fileRef = 38DE829C19E5016400326235 /* Persistence.swift */; };
		38DE829F19E5294000326235 /* TapView.swift in Sources */ = {isa = PBXBuildFile; fileRef = 38DE829E19E5294000326235 /* TapView.swift */; };
		C76B4DDE19EBF9F700CB1477 /* Tap.swift in Sources */ = {isa = PBXBuildFile; fileRef = C76B4DDD19EBF9F700CB1477 /* Tap.swift */; };
/* End PBXBuildFile section */

/* Begin PBXContainerItemProxy section */
		3868374619E3ED9D005EF782 /* PBXContainerItemProxy */ = {
			isa = PBXContainerItemProxy;
			containerPortal = 3868372519E3ED9D005EF782 /* Project object */;
			proxyType = 1;
			remoteGlobalIDString = 3868372C19E3ED9D005EF782;
			remoteInfo = TapOutSwift;
		};
/* End PBXContainerItemProxy section */

/* Begin PBXFileReference section */
		3868372D19E3ED9D005EF782 /* TapOutSwift.app */ = {isa = PBXFileReference; explicitFileType = wrapper.application; includeInIndex = 0; path = TapOutSwift.app; sourceTree = BUILT_PRODUCTS_DIR; };
		3868373119E3ED9D005EF782 /* Info.plist */ = {isa = PBXFileReference; lastKnownFileType = text.plist.xml; path = Info.plist; sourceTree = "<group>"; };
		3868373219E3ED9D005EF782 /* AppDelegate.swift */ = {isa = PBXFileReference; lastKnownFileType = sourcecode.swift; path = AppDelegate.swift; sourceTree = "<group>"; };
		3868373519E3ED9D005EF782 /* TapOutSwift.xcdatamodel */ = {isa = PBXFileReference; lastKnownFileType = wrapper.xcdatamodel; path = TapOutSwift.xcdatamodel; sourceTree = "<group>"; };
		3868373719E3ED9D005EF782 /* ViewController.swift */ = {isa = PBXFileReference; lastKnownFileType = sourcecode.swift; path = ViewController.swift; sourceTree = "<group>"; };
		3868373A19E3ED9D005EF782 /* Base */ = {isa = PBXFileReference; lastKnownFileType = file.storyboard; name = Base; path = Base.lproj/Main.storyboard; sourceTree = "<group>"; };
		3868373C19E3ED9D005EF782 /* Images.xcassets */ = {isa = PBXFileReference; lastKnownFileType = folder.assetcatalog; path = Images.xcassets; sourceTree = "<group>"; };
		3868373F19E3ED9D005EF782 /* Base */ = {isa = PBXFileReference; lastKnownFileType = file.xib; name = Base; path = Base.lproj/LaunchScreen.xib; sourceTree = "<group>"; };
		3868374519E3ED9D005EF782 /* TapOutSwiftTests.xctest */ = {isa = PBXFileReference; explicitFileType = wrapper.cfbundle; includeInIndex = 0; path = TapOutSwiftTests.xctest; sourceTree = BUILT_PRODUCTS_DIR; };
		3868374A19E3ED9D005EF782 /* Info.plist */ = {isa = PBXFileReference; lastKnownFileType = text.plist.xml; path = Info.plist; sourceTree = "<group>"; };
		3868374B19E3ED9D005EF782 /* TapOutSwiftTests.swift */ = {isa = PBXFileReference; lastKnownFileType = sourcecode.swift; path = TapOutSwiftTests.swift; sourceTree = "<group>"; };
		38DE829C19E5016400326235 /* Persistence.swift */ = {isa = PBXFileReference; fileEncoding = 4; lastKnownFileType = sourcecode.swift; path = Persistence.swift; sourceTree = "<group>"; };
		38DE829E19E5294000326235 /* TapView.swift */ = {isa = PBXFileReference; fileEncoding = 4; lastKnownFileType = sourcecode.swift; path = TapView.swift; sourceTree = "<group>"; };
		C76B4DDD19EBF9F700CB1477 /* Tap.swift */ = {isa = PBXFileReference; fileEncoding = 4; lastKnownFileType = sourcecode.swift; path = Tap.swift; sourceTree = "<group>"; };
/* End PBXFileReference section */

/* Begin PBXFrameworksBuildPhase section */
		3868372A19E3ED9D005EF782 /* Frameworks */ = {
			isa = PBXFrameworksBuildPhase;
			buildActionMask = 2147483647;
			files = (
			);
			runOnlyForDeploymentPostprocessing = 0;
		};
		3868374219E3ED9D005EF782 /* Frameworks */ = {
			isa = PBXFrameworksBuildPhase;
			buildActionMask = 2147483647;
			files = (
			);
			runOnlyForDeploymentPostprocessing = 0;
		};
/* End PBXFrameworksBuildPhase section */

/* Begin PBXGroup section */
		3868372419E3ED9D005EF782 = {
			isa = PBXGroup;
			children = (
				3868372F19E3ED9D005EF782 /* TapOutSwift */,
				3868374819E3ED9D005EF782 /* TapOutSwiftTests */,
				3868372E19E3ED9D005EF782 /* Products */,
			);
			sourceTree = "<group>";
		};
		3868372E19E3ED9D005EF782 /* Products */ = {
			isa = PBXGroup;
			children = (
				3868372D19E3ED9D005EF782 /* TapOutSwift.app */,
				3868374519E3ED9D005EF782 /* TapOutSwiftTests.xctest */,
			);
			name = Products;
			sourceTree = "<group>";
		};
		3868372F19E3ED9D005EF782 /* TapOutSwift */ = {
			isa = PBXGroup;
			children = (
				3868373219E3ED9D005EF782 /* AppDelegate.swift */,
				3868373719E3ED9D005EF782 /* ViewController.swift */,
				3868373919E3ED9D005EF782 /* Main.storyboard */,
				3868373C19E3ED9D005EF782 /* Images.xcassets */,
				3868373E19E3ED9D005EF782 /* LaunchScreen.xib */,
				3868373419E3ED9D005EF782 /* TapOutSwift.xcdatamodeld */,
				C76B4DDD19EBF9F700CB1477 /* Tap.swift */,
				3868373019E3ED9D005EF782 /* Supporting Files */,
				38DE829C19E5016400326235 /* Persistence.swift */,
				38DE829E19E5294000326235 /* TapView.swift */,
			);
			path = TapOutSwift;
			sourceTree = "<group>";
		};
		3868373019E3ED9D005EF782 /* Supporting Files */ = {
			isa = PBXGroup;
			children = (
				3868373119E3ED9D005EF782 /* Info.plist */,
			);
			name = "Supporting Files";
			sourceTree = "<group>";
		};
		3868374819E3ED9D005EF782 /* TapOutSwiftTests */ = {
			isa = PBXGroup;
			children = (
				3868374B19E3ED9D005EF782 /* TapOutSwiftTests.swift */,
				3868374919E3ED9D005EF782 /* Supporting Files */,
			);
			path = TapOutSwiftTests;
			sourceTree = "<group>";
		};
		3868374919E3ED9D005EF782 /* Supporting Files */ = {
			isa = PBXGroup;
			children = (
				3868374A19E3ED9D005EF782 /* Info.plist */,
			);
			name = "Supporting Files";
			sourceTree = "<group>";
		};
/* End PBXGroup section */

/* Begin PBXNativeTarget section */
		3868372C19E3ED9D005EF782 /* TapOutSwift */ = {
			isa = PBXNativeTarget;
			buildConfigurationList = 3868374F19E3ED9D005EF782 /* Build configuration list for PBXNativeTarget "TapOutSwift" */;
			buildPhases = (
				3868372919E3ED9D005EF782 /* Sources */,
				3868372A19E3ED9D005EF782 /* Frameworks */,
				3868372B19E3ED9D005EF782 /* Resources */,
			);
			buildRules = (
			);
			dependencies = (
			);
			name = TapOutSwift;
			productName = TapOutSwift;
			productReference = 3868372D19E3ED9D005EF782 /* TapOutSwift.app */;
			productType = "com.apple.product-type.application";
		};
		3868374419E3ED9D005EF782 /* TapOutSwiftTests */ = {
			isa = PBXNativeTarget;
			buildConfigurationList = 3868375219E3ED9D005EF782 /* Build configuration list for PBXNativeTarget "TapOutSwiftTests" */;
			buildPhases = (
				3868374119E3ED9D005EF782 /* Sources */,
				3868374219E3ED9D005EF782 /* Frameworks */,
				3868374319E3ED9D005EF782 /* Resources */,
			);
			buildRules = (
			);
			dependencies = (
				3868374719E3ED9D005EF782 /* PBXTargetDependency */,
			);
			name = TapOutSwiftTests;
			productName = TapOutSwiftTests;
			productReference = 3868374519E3ED9D005EF782 /* TapOutSwiftTests.xctest */;
			productType = "com.apple.product-type.bundle.unit-test";
		};
/* End PBXNativeTarget section */

/* Begin PBXProject section */
		3868372519E3ED9D005EF782 /* Project object */ = {
			isa = PBXProject;
			attributes = {
				LastUpgradeCheck = 0600;
				ORGANIZATIONNAME = "Pro iOS Persistence";
				TargetAttributes = {
					3868372C19E3ED9D005EF782 = {
						CreatedOnToolsVersion = 6.0.1;
					};
					3868374419E3ED9D005EF782 = {
						CreatedOnToolsVersion = 6.0.1;
						TestTargetID = 3868372C19E3ED9D005EF782;
					};
				};
			};
			buildConfigurationList = 3868372819E3ED9D005EF782 /* Build configuration list for PBXProject "TapOutSwift" */;
			compatibilityVersion = "Xcode 3.2";
			developmentRegion = English;
			hasScannedForEncodings = 0;
			knownRegions = (
				en,
				Base,
			);
			mainGroup = 3868372419E3ED9D005EF782;
			productRefGroup = 3868372E19E3ED9D005EF782 /* Products */;
			projectDirPath = "";
			projectRoot = "";
			targets = (
				3868372C19E3ED9D005EF782 /* TapOutSwift */,
				3868374419E3ED9D005EF782 /* TapOutSwiftTests */,
			);
		};
/* End PBXProject section */

/* Begin PBXResourcesBuildPhase section */
		3868372B19E3ED9D005EF782 /* Resources */ = {
			isa = PBXResourcesBuildPhase;
			buildActionMask = 2147483647;
			files = (
				3868373B19E3ED9D005EF782 /* Main.storyboard in Resources */,
				3868374019E3ED9D005EF782 /* LaunchScreen.xib in Resources */,
				3868373D19E3ED9D005EF782 /* Images.xcassets in Resources */,
			);
			runOnlyForDeploymentPostprocessing = 0;
		};
		3868374319E3ED9D005EF782 /* Resources */ = {
			isa = PBXResourcesBuildPhase;
			buildActionMask = 2147483647;
			files = (
			);
			runOnlyForDeploymentPostprocessing = 0;
		};
/* End PBXResourcesBuildPhase section */

/* Begin PBXSourcesBuildPhase section */
		3868372919E3ED9D005EF782 /* Sources */ = {
			isa = PBXSourcesBuildPhase;
			buildActionMask = 2147483647;
			files = (
				3868373819E3ED9D005EF782 /* ViewController.swift in Sources */,
				38DE829F19E5294000326235 /* TapView.swift in Sources */,
				3868373619E3ED9D005EF782 /* TapOutSwift.xcdatamodeld in Sources */,
				C76B4DDE19EBF9F700CB1477 /* Tap.swift in Sources */,
				3868373319E3ED9D005EF782 /* AppDelegate.swift in Sources */,
				38DE829D19E5016400326235 /* Persistence.swift in Sources */,
			);
			runOnlyForDeploymentPostprocessing = 0;
		};
		3868374119E3ED9D005EF782 /* Sources */ = {
			isa = PBXSourcesBuildPhase;
			buildActionMask = 2147483647;
			files = (
				3868374C19E3ED9D005EF782 /* TapOutSwiftTests.swift in Sources */,
			);
			runOnlyForDeploymentPostprocessing = 0;
		};
/* End PBXSourcesBuildPhase section */

/* Begin PBXTargetDependency section */
		3868374719E3ED9D005EF782 /* PBXTargetDependency */ = {
			isa = PBXTargetDependency;
			target = 3868372C19E3ED9D005EF782 /* TapOutSwift */;
			targetProxy = 3868374619E3ED9D005EF782 /* PBXContainerItemProxy */;
		};
/* End PBXTargetDependency section */

/* Begin PBXVariantGroup section */
		3868373919E3ED9D005EF782 /* Main.storyboard */ = {
			isa = PBXVariantGroup;
			children = (
				3868373A19E3ED9D005EF782 /* Base */,
			);
			name = Main.storyboard;
			sourceTree = "<group>";
		};
		3868373E19E3ED9D005EF782 /* LaunchScreen.xib */ = {
			isa = PBXVariantGroup;
			children = (
				3868373F19E3ED9D005EF782 /* Base */,
			);
			name = LaunchScreen.xib;
			sourceTree = "<group>";
		};
/* End PBXVariantGroup section */

/* Begin XCBuildConfiguration section */
		3868374D19E3ED9D005EF782 /* Debug */ = {
			isa = XCBuildConfiguration;
			buildSettings = {
				ALWAYS_SEARCH_USER_PATHS = NO;
				CLANG_CXX_LANGUAGE_STANDARD = "gnu++0x";
				CLANG_CXX_LIBRARY = "libc++";
				CLANG_ENABLE_MODULES = YES;
				CLANG_ENABLE_OBJC_ARC = YES;
				CLANG_WARN_BOOL_CONVERSION = YES;
				CLANG_WARN_CONSTANT_CONVERSION = YES;
				CLANG_WARN_DIRECT_OBJC_ISA_USAGE = YES_ERROR;
				CLANG_WARN_EMPTY_BODY = YES;
				CLANG_WARN_ENUM_CONVERSION = YES;
				CLANG_WARN_INT_CONVERSION = YES;
				CLANG_WARN_OBJC_ROOT_CLASS = YES_ERROR;
				CLANG_WARN_UNREACHABLE_CODE = YES;
				CLANG_WARN__DUPLICATE_METHOD_MATCH = YES;
				"CODE_SIGN_IDENTITY[sdk=iphoneos*]" = "iPhone Developer";
				COPY_PHASE_STRIP = NO;
				ENABLE_STRICT_OBJC_MSGSEND = YES;
				GCC_C_LANGUAGE_STANDARD = gnu99;
				GCC_DYNAMIC_NO_PIC = NO;
				GCC_OPTIMIZATION_LEVEL = 0;
				GCC_PREPROCESSOR_DEFINITIONS = (
					"DEBUG=1",
					"$(inherited)",
				);
				GCC_SYMBOLS_PRIVATE_EXTERN = NO;
				GCC_WARN_64_TO_32_BIT_CONVERSION = YES;
				GCC_WARN_ABOUT_RETURN_TYPE = YES_ERROR;
				GCC_WARN_UNDECLARED_SELECTOR = YES;
				GCC_WARN_UNINITIALIZED_AUTOS = YES_AGGRESSIVE;
				GCC_WARN_UNUSED_FUNCTION = YES;
				GCC_WARN_UNUSED_VARIABLE = YES;
				IPHONEOS_DEPLOYMENT_TARGET = 8.0;
				MTL_ENABLE_DEBUG_INFO = YES;
				ONLY_ACTIVE_ARCH = YES;
				SDKROOT = iphoneos;
				SWIFT_OPTIMIZATION_LEVEL = "-Onone";
			};
			name = Debug;
		};
		3868374E19E3ED9D005EF782 /* Release */ = {
			isa = XCBuildConfiguration;
			buildSettings = {
				ALWAYS_SEARCH_USER_PATHS = NO;
				CLANG_CXX_LANGUAGE_STANDARD = "gnu++0x";
				CLANG_CXX_LIBRARY = "libc++";
				CLANG_ENABLE_MODULES = YES;
				CLANG_ENABLE_OBJC_ARC = YES;
				CLANG_WARN_BOOL_CONVERSION = YES;
				CLANG_WARN_CONSTANT_CONVERSION = YES;
				CLANG_WARN_DIRECT_OBJC_ISA_USAGE = YES_ERROR;
				CLANG_WARN_EMPTY_BODY = YES;
				CLANG_WARN_ENUM_CONVERSION = YES;
				CLANG_WARN_INT_CONVERSION = YES;
				CLANG_WARN_OBJC_ROOT_CLASS = YES_ERROR;
				CLANG_WARN_UNREACHABLE_CODE = YES;
				CLANG_WARN__DUPLICATE_METHOD_MATCH = YES;
				"CODE_SIGN_IDENTITY[sdk=iphoneos*]" = "iPhone Developer";
				COPY_PHASE_STRIP = YES;
				ENABLE_NS_ASSERTIONS = NO;
				ENABLE_STRICT_OBJC_MSGSEND = YES;
				GCC_C_LANGUAGE_STANDARD = gnu99;
				GCC_WARN_64_TO_32_BIT_CONVERSION = YES;
				GCC_WARN_ABOUT_RETURN_TYPE = YES_ERROR;
				GCC_WARN_UNDECLARED_SELECTOR = YES;
				GCC_WARN_UNINITIALIZED_AUTOS = YES_AGGRESSIVE;
				GCC_WARN_UNUSED_FUNCTION = YES;
				GCC_WARN_UNUSED_VARIABLE = YES;
				IPHONEOS_DEPLOYMENT_TARGET = 8.0;
				MTL_ENABLE_DEBUG_INFO = NO;
				SDKROOT = iphoneos;
				VALIDATE_PRODUCT = YES;
			};
			name = Release;
		};
		3868375019E3ED9D005EF782 /* Debug */ = {
			isa = XCBuildConfiguration;
			buildSettings = {
				ASSETCATALOG_COMPILER_APPICON_NAME = AppIcon;
				INFOPLIST_FILE = TapOutSwift/Info.plist;
				LD_RUNPATH_SEARCH_PATHS = "$(inherited) @executable_path/Frameworks";
				PRODUCT_NAME = "$(TARGET_NAME)";
			};
			name = Debug;
		};
		3868375119E3ED9D005EF782 /* Release */ = {
			isa = XCBuildConfiguration;
			buildSettings = {
				ASSETCATALOG_COMPILER_APPICON_NAME = AppIcon;
				INFOPLIST_FILE = TapOutSwift/Info.plist;
				LD_RUNPATH_SEARCH_PATHS = "$(inherited) @executable_path/Frameworks";
				PRODUCT_NAME = "$(TARGET_NAME)";
			};
			name = Release;
		};
		3868375319E3ED9D005EF782 /* Debug */ = {
			isa = XCBuildConfiguration;
			buildSettings = {
				BUNDLE_LOADER = "$(TEST_HOST)";
				FRAMEWORK_SEARCH_PATHS = (
					"$(SDKROOT)/Developer/Library/Frameworks",
					"$(inherited)",
				);
				GCC_PREPROCESSOR_DEFINITIONS = (
					"DEBUG=1",
					"$(inherited)",
				);
				INFOPLIST_FILE = TapOutSwiftTests/Info.plist;
				LD_RUNPATH_SEARCH_PATHS = "$(inherited) @executable_path/Frameworks @loader_path/Frameworks";
				PRODUCT_NAME = "$(TARGET_NAME)";
				TEST_HOST = "$(BUILT_PRODUCTS_DIR)/TapOutSwift.app/TapOutSwift";
			};
			name = Debug;
		};
		3868375419E3ED9D005EF782 /* Release */ = {
			isa = XCBuildConfiguration;
			buildSettings = {
				BUNDLE_LOADER = "$(TEST_HOST)";
				FRAMEWORK_SEARCH_PATHS = (
					"$(SDKROOT)/Developer/Library/Frameworks",
					"$(inherited)",
				);
				INFOPLIST_FILE = TapOutSwiftTests/Info.plist;
				LD_RUNPATH_SEARCH_PATHS = "$(inherited) @executable_path/Frameworks @loader_path/Frameworks";
				PRODUCT_NAME = "$(TARGET_NAME)";
				TEST_HOST = "$(BUILT_PRODUCTS_DIR)/TapOutSwift.app/TapOutSwift";
			};
			name = Release;
		};
/* End XCBuildConfiguration section */

/* Begin XCConfigurationList section */
		3868372819E3ED9D005EF782 /* Build configuration list for PBXProject "TapOutSwift" */ = {
			isa = XCConfigurationList;
			buildConfigurations = (
				3868374D19E3ED9D005EF782 /* Debug */,
				3868374E19E3ED9D005EF782 /* Release */,
			);
			defaultConfigurationIsVisible = 0;
			defaultConfigurationName = Release;
		};
		3868374F19E3ED9D005EF782 /* Build configuration list for PBXNativeTarget "TapOutSwift" */ = {
			isa = XCConfigurationList;
			buildConfigurations = (
				3868375019E3ED9D005EF782 /* Debug */,
				3868375119E3ED9D005EF782 /* Release */,
			);
			defaultConfigurationIsVisible = 0;
			defaultConfigurationName = Release;
		};
		3868375219E3ED9D005EF782 /* Build configuration list for PBXNativeTarget "TapOutSwiftTests" */ = {
			isa = XCConfigurationList;
			buildConfigurations = (
				3868375319E3ED9D005EF782 /* Debug */,
				3868375419E3ED9D005EF782 /* Release */,
			);
			defaultConfigurationIsVisible = 0;
			defaultConfigurationName = Release;
		};
/* End XCConfigurationList section */

/* Begin XCVersionGroup section */
		3868373419E3ED9D005EF782 /* TapOutSwift.xcdatamodeld */ = {
			isa = XCVersionGroup;
			children = (
				3868373519E3ED9D005EF782 /* TapOutSwift.xcdatamodel */,
			);
			currentVersion = 3868373519E3ED9D005EF782 /* TapOutSwift.xcdatamodel */;
			path = TapOutSwift.xcdatamodeld;
			sourceTree = "<group>";
			versionGroupType = wrapper.xcdatamodel;
		};
/* End XCVersionGroup section */
	};
	rootObject = 3868372519E3ED9D005EF782 /* Project object */;
}
