// !$*UTF8*$!
{
	archiveVersion = 1;
	classes = {
	};
	objectVersion = 46;
	objects = {

/* Begin PBXBuildFile section */
		C7E41DD91987CC18007CA2C7 /* main.m in Sources */ = {isa = PBXBuildFile; fileRef = C7E41DD81987CC18007CA2C7 /* main.m */; };
		C7E41DDC1987CC18007CA2C7 /* AppDelegate.m in Sources */ = {isa = PBXBuildFile; fileRef = C7E41DDB1987CC18007CA2C7 /* AppDelegate.m */; };
		C7E41DDF1987CC18007CA2C7 /* ViewController.m in Sources */ = {isa = PBXBuildFile; fileRef = C7E41DDE1987CC18007CA2C7 /* ViewController.m */; };
		C7E41DE21987CC18007CA2C7 /* Main.storyboard in Resources */ = {isa = PBXBuildFile; fileRef = C7E41DE01987CC18007CA2C7 /* Main.storyboard */; };
		C7E41DE41987CC18007CA2C7 /* Images.xcassets in Resources */ = {isa = PBXBuildFile; fileRef = C7E41DE31987CC18007CA2C7 /* Images.xcassets */; };
		C7E41DF01987CC18007CA2C7 /* WordListTests.m in Sources */ = {isa = PBXBuildFile; fileRef = C7E41DEF1987CC18007CA2C7 /* WordListTests.m */; };
		C7E41DFB1987DE6A007CA2C7 /* Persistence.m in Sources */ = {isa = PBXBuildFile; fileRef = C7E41DFA1987DE6A007CA2C7 /* Persistence.m */; };
		C7E41E2B19893AA6007CA2C7 /* WordList.xcdatamodeld in Sources */ = {isa = PBXBuildFile; fileRef = C7E41E2919893AA6007CA2C7 /* WordList.xcdatamodeld */; };
/* End PBXBuildFile section */

/* Begin PBXContainerItemProxy section */
		C7E41DEA1987CC18007CA2C7 /* PBXContainerItemProxy */ = {
			isa = PBXContainerItemProxy;
			containerPortal = C7E41DCB1987CC18007CA2C7 /* Project object */;
			proxyType = 1;
			remoteGlobalIDString = C7E41DD21987CC18007CA2C7;
			remoteInfo = WordList;
		};
/* End PBXContainerItemProxy section */

/* Begin PBXFileReference section */
		C7E41DD31987CC18007CA2C7 /* WordList.app */ = {isa = PBXFileReference; explicitFileType = wrapper.application; includeInIndex = 0; path = WordList.app; sourceTree = BUILT_PRODUCTS_DIR; };
		C7E41DD71987CC18007CA2C7 /* Info.plist */ = {isa = PBXFileReference; lastKnownFileType = text.plist.xml; path = Info.plist; sourceTree = "<group>"; };
		C7E41DD81987CC18007CA2C7 /* main.m */ = {isa = PBXFileReference; lastKnownFileType = sourcecode.c.objc; path = main.m; sourceTree = "<group>"; };
		C7E41DDA1987CC18007CA2C7 /* AppDelegate.h */ = {isa = PBXFileReference; lastKnownFileType = sourcecode.c.h; path = AppDelegate.h; sourceTree = "<group>"; };
		C7E41DDB1987CC18007CA2C7 /* AppDelegate.m */ = {isa = PBXFileReference; lastKnownFileType = sourcecode.c.objc; path = AppDelegate.m; sourceTree = "<group>"; };
		C7E41DDD1987CC18007CA2C7 /* ViewController.h */ = {isa = PBXFileReference; lastKnownFileType = sourcecode.c.h; path = ViewController.h; sourceTree = "<group>"; };
		C7E41DDE1987CC18007CA2C7 /* ViewController.m */ = {isa = PBXFileReference; lastKnownFileType = sourcecode.c.objc; path = ViewController.m; sourceTree = "<group>"; };
		C7E41DE11987CC18007CA2C7 /* Base */ = {isa = PBXFileReference; lastKnownFileType = file.storyboard; name = Base; path = Base.lproj/Main.storyboard; sourceTree = "<group>"; };
		C7E41DE31987CC18007CA2C7 /* Images.xcassets */ = {isa = PBXFileReference; lastKnownFileType = folder.assetcatalog; path = Images.xcassets; sourceTree = "<group>"; };
		C7E41DE91987CC18007CA2C7 /* WordListTests.xctest */ = {isa = PBXFileReference; explicitFileType = wrapper.cfbundle; includeInIndex = 0; path = WordListTests.xctest; sourceTree = BUILT_PRODUCTS_DIR; };
		C7E41DEE1987CC18007CA2C7 /* Info.plist */ = {isa = PBXFileReference; lastKnownFileType = text.plist.xml; path = Info.plist; sourceTree = "<group>"; };
		C7E41DEF1987CC18007CA2C7 /* WordListTests.m */ = {isa = PBXFileReference; lastKnownFileType = sourcecode.c.objc; path = WordListTests.m; sourceTree = "<group>"; };
		C7E41DF91987DE6A007CA2C7 /* Persistence.h */ = {isa = PBXFileReference; fileEncoding = 4; lastKnownFileType = sourcecode.c.h; path = Persistence.h; sourceTree = "<group>"; };
		C7E41DFA1987DE6A007CA2C7 /* Persistence.m */ = {isa = PBXFileReference; fileEncoding = 4; lastKnownFileType = sourcecode.c.objc; path = Persistence.m; sourceTree = "<group>"; };
		C7E41E2A19893AA6007CA2C7 /* WordList.xcdatamodel */ = {isa = PBXFileReference; lastKnownFileType = wrapper.xcdatamodel; path = WordList.xcdatamodel; sourceTree = "<group>"; };
/* End PBXFileReference section */

/* Begin PBXFrameworksBuildPhase section */
		C7E41DD01987CC18007CA2C7 /* Frameworks */ = {
			isa = PBXFrameworksBuildPhase;
			buildActionMask = 2147483647;
			files = (
			);
			runOnlyForDeploymentPostprocessing = 0;
		};
		C7E41DE61987CC18007CA2C7 /* Frameworks */ = {
			isa = PBXFrameworksBuildPhase;
			buildActionMask = 2147483647;
			files = (
			);
			runOnlyForDeploymentPostprocessing = 0;
		};
/* End PBXFrameworksBuildPhase section */

/* Begin PBXGroup section */
		C7E41DCA1987CC18007CA2C7 = {
			isa = PBXGroup;
			children = (
				C7E41DD51987CC18007CA2C7 /* WordList */,
				C7E41DEC1987CC18007CA2C7 /* WordListTests */,
				C7E41DD41987CC18007CA2C7 /* Products */,
			);
			sourceTree = "<group>";
		};
		C7E41DD41987CC18007CA2C7 /* Products */ = {
			isa = PBXGroup;
			children = (
				C7E41DD31987CC18007CA2C7 /* WordList.app */,
				C7E41DE91987CC18007CA2C7 /* WordListTests.xctest */,
			);
			name = Products;
			sourceTree = "<group>";
		};
		C7E41DD51987CC18007CA2C7 /* WordList */ = {
			isa = PBXGroup;
			children = (
				C7E41DDA1987CC18007CA2C7 /* AppDelegate.h */,
				C7E41DDB1987CC18007CA2C7 /* AppDelegate.m */,
				C7E41DDD1987CC18007CA2C7 /* ViewController.h */,
				C7E41DDE1987CC18007CA2C7 /* ViewController.m */,
				C7E41DE01987CC18007CA2C7 /* Main.storyboard */,
				C7E41DE31987CC18007CA2C7 /* Images.xcassets */,
				C7E41DD61987CC18007CA2C7 /* Supporting Files */,
				C7E41DF91987DE6A007CA2C7 /* Persistence.h */,
				C7E41DFA1987DE6A007CA2C7 /* Persistence.m */,
				C7E41E2919893AA6007CA2C7 /* WordList.xcdatamodeld */,
			);
			path = WordList;
			sourceTree = "<group>";
		};
		C7E41DD61987CC18007CA2C7 /* Supporting Files */ = {
			isa = PBXGroup;
			children = (
				C7E41DD71987CC18007CA2C7 /* Info.plist */,
				C7E41DD81987CC18007CA2C7 /* main.m */,
			);
			name = "Supporting Files";
			sourceTree = "<group>";
		};
		C7E41DEC1987CC18007CA2C7 /* WordListTests */ = {
			isa = PBXGroup;
			children = (
				C7E41DEF1987CC18007CA2C7 /* WordListTests.m */,
				C7E41DED1987CC18007CA2C7 /* Supporting Files */,
			);
			path = WordListTests;
			sourceTree = "<group>";
		};
		C7E41DED1987CC18007CA2C7 /* Supporting Files */ = {
			isa = PBXGroup;
			children = (
				C7E41DEE1987CC18007CA2C7 /* Info.plist */,
			);
			name = "Supporting Files";
			sourceTree = "<group>";
		};
/* End PBXGroup section */

/* Begin PBXNativeTarget section */
		C7E41DD21987CC18007CA2C7 /* WordList */ = {
			isa = PBXNativeTarget;
			buildConfigurationList = C7E41DF31987CC18007CA2C7 /* Build configuration list for PBXNativeTarget "WordList" */;
			buildPhases = (
				C7E41DCF1987CC18007CA2C7 /* Sources */,
				C7E41DD01987CC18007CA2C7 /* Frameworks */,
				C7E41DD11987CC18007CA2C7 /* Resources */,
			);
			buildRules = (
			);
			dependencies = (
			);
			name = WordList;
			productName = WordList;
			productReference = C7E41DD31987CC18007CA2C7 /* WordList.app */;
			productType = "com.apple.product-type.application";
		};
		C7E41DE81987CC18007CA2C7 /* WordListTests */ = {
			isa = PBXNativeTarget;
			buildConfigurationList = C7E41DF61987CC18007CA2C7 /* Build configuration list for PBXNativeTarget "WordListTests" */;
			buildPhases = (
				C7E41DE51987CC18007CA2C7 /* Sources */,
				C7E41DE61987CC18007CA2C7 /* Frameworks */,
				C7E41DE71987CC18007CA2C7 /* Resources */,
			);
			buildRules = (
			);
			dependencies = (
				C7E41DEB1987CC18007CA2C7 /* PBXTargetDependency */,
			);
			name = WordListTests;
			productName = WordListTests;
			productReference = C7E41DE91987CC18007CA2C7 /* WordListTests.xctest */;
			productType = "com.apple.product-type.bundle.unit-test";
		};
/* End PBXNativeTarget section */

/* Begin PBXProject section */
		C7E41DCB1987CC18007CA2C7 /* Project object */ = {
			isa = PBXProject;
			attributes = {
				LastUpgradeCheck = 0600;
				ORGANIZATIONNAME = "Michael Privat and Rob Warner";
				TargetAttributes = {
					C7E41DD21987CC18007CA2C7 = {
						CreatedOnToolsVersion = 6.0;
					};
					C7E41DE81987CC18007CA2C7 = {
						CreatedOnToolsVersion = 6.0;
						TestTargetID = C7E41DD21987CC18007CA2C7;
					};
				};
			};
			buildConfigurationList = C7E41DCE1987CC18007CA2C7 /* Build configuration list for PBXProject "WordList" */;
			compatibilityVersion = "Xcode 3.2";
			developmentRegion = English;
			hasScannedForEncodings = 0;
			knownRegions = (
				en,
				Base,
			);
			mainGroup = C7E41DCA1987CC18007CA2C7;
			productRefGroup = C7E41DD41987CC18007CA2C7 /* Products */;
			projectDirPath = "";
			projectRoot = "";
			targets = (
				C7E41DD21987CC18007CA2C7 /* WordList */,
				C7E41DE81987CC18007CA2C7 /* WordListTests */,
			);
		};
/* End PBXProject section */

/* Begin PBXResourcesBuildPhase section */
		C7E41DD11987CC18007CA2C7 /* Resources */ = {
			isa = PBXResourcesBuildPhase;
			buildActionMask = 2147483647;
			files = (
				C7E41DE21987CC18007CA2C7 /* Main.storyboard in Resources */,
				C7E41DE41987CC18007CA2C7 /* Images.xcassets in Resources */,
			);
			runOnlyForDeploymentPostprocessing = 0;
		};
		C7E41DE71987CC18007CA2C7 /* Resources */ = {
			isa = PBXResourcesBuildPhase;
			buildActionMask = 2147483647;
			files = (
			);
			runOnlyForDeploymentPostprocessing = 0;
		};
/* End PBXResourcesBuildPhase section */

/* Begin PBXSourcesBuildPhase section */
		C7E41DCF1987CC18007CA2C7 /* Sources */ = {
			isa = PBXSourcesBuildPhase;
			buildActionMask = 2147483647;
			files = (
				C7E41DDF1987CC18007CA2C7 /* ViewController.m in Sources */,
				C7E41E2B19893AA6007CA2C7 /* WordList.xcdatamodeld in Sources */,
				C7E41DFB1987DE6A007CA2C7 /* Persistence.m in Sources */,
				C7E41DDC1987CC18007CA2C7 /* AppDelegate.m in Sources */,
				C7E41DD91987CC18007CA2C7 /* main.m in Sources */,
			);
			runOnlyForDeploymentPostprocessing = 0;
		};
		C7E41DE51987CC18007CA2C7 /* Sources */ = {
			isa = PBXSourcesBuildPhase;
			buildActionMask = 2147483647;
			files = (
				C7E41DF01987CC18007CA2C7 /* WordListTests.m in Sources */,
			);
			runOnlyForDeploymentPostprocessing = 0;
		};
/* End PBXSourcesBuildPhase section */

/* Begin PBXTargetDependency section */
		C7E41DEB1987CC18007CA2C7 /* PBXTargetDependency */ = {
			isa = PBXTargetDependency;
			target = C7E41DD21987CC18007CA2C7 /* WordList */;
			targetProxy = C7E41DEA1987CC18007CA2C7 /* PBXContainerItemProxy */;
		};
/* End PBXTargetDependency section */

/* Begin PBXVariantGroup section */
		C7E41DE01987CC18007CA2C7 /* Main.storyboard */ = {
			isa = PBXVariantGroup;
			children = (
				C7E41DE11987CC18007CA2C7 /* Base */,
			);
			name = Main.storyboard;
			sourceTree = "<group>";
		};
/* End PBXVariantGroup section */

/* Begin XCBuildConfiguration section */
		C7E41DF11987CC18007CA2C7 /* Debug */ = {
			isa = XCBuildConfiguration;
			buildSettings = {
				ALWAYS_SEARCH_USER_PATHS = NO;
				CLANG_CXX_LANGUAGE_STANDARD = "gnu++0x";
				CLANG_CXX_LIBRARY = "libc++";
				CLANG_ENABLE_MODULES = YES;
				CLANG_ENABLE_OBJC_ARC = YES;
				CLANG_WARN_BOOL_CONVERSION = YES;
				CLANG_WARN_CONSTANT_CONVERSION = YES;
				CLANG_WARN_DIRECT_OBJC_ISA_USAGE = YES_ERROR;
				CLANG_WARN_EMPTY_BODY = YES;
				CLANG_WARN_ENUM_CONVERSION = YES;
				CLANG_WARN_INT_CONVERSION = YES;
				CLANG_WARN_OBJC_ROOT_CLASS = YES_ERROR;
				CLANG_WARN_UNREACHABLE_CODE = YES;
				CLANG_WARN__DUPLICATE_METHOD_MATCH = YES;
				"CODE_SIGN_IDENTITY[sdk=iphoneos*]" = "iPhone Developer";
				COPY_PHASE_STRIP = NO;
				ENABLE_STRICT_OBJC_MSGSEND = YES;
				GCC_C_LANGUAGE_STANDARD = gnu99;
				GCC_DYNAMIC_NO_PIC = NO;
				GCC_OPTIMIZATION_LEVEL = 0;
				GCC_PREPROCESSOR_DEFINITIONS = (
					"DEBUG=1",
					"$(inherited)",
				);
				GCC_SYMBOLS_PRIVATE_EXTERN = NO;
				GCC_WARN_64_TO_32_BIT_CONVERSION = YES;
				GCC_WARN_ABOUT_RETURN_TYPE = YES_ERROR;
				GCC_WARN_UNDECLARED_SELECTOR = YES;
				GCC_WARN_UNINITIALIZED_AUTOS = YES_AGGRESSIVE;
				GCC_WARN_UNUSED_FUNCTION = YES;
				GCC_WARN_UNUSED_VARIABLE = YES;
				IPHONEOS_DEPLOYMENT_TARGET = 8.0;
				MTL_ENABLE_DEBUG_INFO = YES;
				ONLY_ACTIVE_ARCH = YES;
				SDKROOT = iphoneos;
			};
			name = Debug;
		};
		C7E41DF21987CC18007CA2C7 /* Release */ = {
			isa = XCBuildConfiguration;
			buildSettings = {
				ALWAYS_SEARCH_USER_PATHS = NO;
				CLANG_CXX_LANGUAGE_STANDARD = "gnu++0x";
				CLANG_CXX_LIBRARY = "libc++";
				CLANG_ENABLE_MODULES = YES;
				CLANG_ENABLE_OBJC_ARC = YES;
				CLANG_WARN_BOOL_CONVERSION = YES;
				CLANG_WARN_CONSTANT_CONVERSION = YES;
				CLANG_WARN_DIRECT_OBJC_ISA_USAGE = YES_ERROR;
				CLANG_WARN_EMPTY_BODY = YES;
				CLANG_WARN_ENUM_CONVERSION = YES;
				CLANG_WARN_INT_CONVERSION = YES;
				CLANG_WARN_OBJC_ROOT_CLASS = YES_ERROR;
				CLANG_WARN_UNREACHABLE_CODE = YES;
				CLANG_WARN__DUPLICATE_METHOD_MATCH = YES;
				"CODE_SIGN_IDENTITY[sdk=iphoneos*]" = "iPhone Developer";
				COPY_PHASE_STRIP = YES;
				ENABLE_NS_ASSERTIONS = NO;
				ENABLE_STRICT_OBJC_MSGSEND = YES;
				GCC_C_LANGUAGE_STANDARD = gnu99;
				GCC_WARN_64_TO_32_BIT_CONVERSION = YES;
				GCC_WARN_ABOUT_RETURN_TYPE = YES_ERROR;
				GCC_WARN_UNDECLARED_SELECTOR = YES;
				GCC_WARN_UNINITIALIZED_AUTOS = YES_AGGRESSIVE;
				GCC_WARN_UNUSED_FUNCTION = YES;
				GCC_WARN_UNUSED_VARIABLE = YES;
				IPHONEOS_DEPLOYMENT_TARGET = 8.0;
				MTL_ENABLE_DEBUG_INFO = NO;
				SDKROOT = iphoneos;
				VALIDATE_PRODUCT = YES;
			};
			name = Release;
		};
		C7E41DF41987CC18007CA2C7 /* Debug */ = {
			isa = XCBuildConfiguration;
			buildSettings = {
				ASSETCATALOG_COMPILER_APPICON_NAME = AppIcon;
				ASSETCATALOG_COMPILER_LAUNCHIMAGE_NAME = LaunchImage;
				INFOPLIST_FILE = WordList/Info.plist;
				LD_RUNPATH_SEARCH_PATHS = "$(inherited) @executable_path/Frameworks";
				PRODUCT_NAME = "$(TARGET_NAME)";
			};
			name = Debug;
		};
		C7E41DF51987CC18007CA2C7 /* Release */ = {
			isa = XCBuildConfiguration;
			buildSettings = {
				ASSETCATALOG_COMPILER_APPICON_NAME = AppIcon;
				ASSETCATALOG_COMPILER_LAUNCHIMAGE_NAME = LaunchImage;
				INFOPLIST_FILE = WordList/Info.plist;
				LD_RUNPATH_SEARCH_PATHS = "$(inherited) @executable_path/Frameworks";
				PRODUCT_NAME = "$(TARGET_NAME)";
			};
			name = Release;
		};
		C7E41DF71987CC18007CA2C7 /* Debug */ = {
			isa = XCBuildConfiguration;
			buildSettings = {
				BUNDLE_LOADER = "$(BUILT_PRODUCTS_DIR)/WordList.app/WordList";
				FRAMEWORK_SEARCH_PATHS = (
					"$(SDKROOT)/Developer/Library/Frameworks",
					"$(inherited)",
				);
				GCC_PREPROCESSOR_DEFINITIONS = (
					"DEBUG=1",
					"$(inherited)",
				);
				INFOPLIST_FILE = WordListTests/Info.plist;
				LD_RUNPATH_SEARCH_PATHS = "$(inherited) @executable_path/Frameworks @loader_path/Frameworks";
				PRODUCT_NAME = "$(TARGET_NAME)";
				TEST_HOST = "$(BUNDLE_LOADER)";
			};
			name = Debug;
		};
		C7E41DF81987CC18007CA2C7 /* Release */ = {
			isa = XCBuildConfiguration;
			buildSettings = {
				BUNDLE_LOADER = "$(BUILT_PRODUCTS_DIR)/WordList.app/WordList";
				FRAMEWORK_SEARCH_PATHS = (
					"$(SDKROOT)/Developer/Library/Frameworks",
					"$(inherited)",
				);
				INFOPLIST_FILE = WordListTests/Info.plist;
				LD_RUNPATH_SEARCH_PATHS = "$(inherited) @executable_path/Frameworks @loader_path/Frameworks";
				PRODUCT_NAME = "$(TARGET_NAME)";
				TEST_HOST = "$(BUNDLE_LOADER)";
			};
			name = Release;
		};
/* End XCBuildConfiguration section */

/* Begin XCConfigurationList section */
		C7E41DCE1987CC18007CA2C7 /* Build configuration list for PBXProject "WordList" */ = {
			isa = XCConfigurationList;
			buildConfigurations = (
				C7E41DF11987CC18007CA2C7 /* Debug */,
				C7E41DF21987CC18007CA2C7 /* Release */,
			);
			defaultConfigurationIsVisible = 0;
			defaultConfigurationName = Release;
		};
		C7E41DF31987CC18007CA2C7 /* Build configuration list for PBXNativeTarget "WordList" */ = {
			isa = XCConfigurationList;
			buildConfigurations = (
				C7E41DF41987CC18007CA2C7 /* Debug */,
				C7E41DF51987CC18007CA2C7 /* Release */,
			);
			defaultConfigurationIsVisible = 0;
		};
		C7E41DF61987CC18007CA2C7 /* Build configuration list for PBXNativeTarget "WordListTests" */ = {
			isa = XCConfigurationList;
			buildConfigurations = (
				C7E41DF71987CC18007CA2C7 /* Debug */,
				C7E41DF81987CC18007CA2C7 /* Release */,
			);
			defaultConfigurationIsVisible = 0;
		};
/* End XCConfigurationList section */

/* Begin XCVersionGroup section */
		C7E41E2919893AA6007CA2C7 /* WordList.xcdatamodeld */ = {
			isa = XCVersionGroup;
			children = (
				C7E41E2A19893AA6007CA2C7 /* WordList.xcdatamodel */,
			);
			currentVersion = C7E41E2A19893AA6007CA2C7 /* WordList.xcdatamodel */;
			path = WordList.xcdatamodeld;
			sourceTree = "<group>";
			versionGroupType = wrapper.xcdatamodel;
		};
/* End XCVersionGroup section */
	};
	rootObject = C7E41DCB1987CC18007CA2C7 /* Project object */;
}
