// !$*UTF8*$!
{
	archiveVersion = 1;
	classes = {
	};
	objectVersion = 46;
	objects = {

/* Begin PBXBuildFile section */
		C776549C197945DE007C61CA /* AppDelegate.swift in Sources */ = {isa = PBXBuildFile; fileRef = C776549B197945DE007C61CA /* AppDelegate.swift */; };
		C776549E197945DE007C61CA /* ViewController.swift in Sources */ = {isa = PBXBuildFile; fileRef = C776549D197945DE007C61CA /* ViewController.swift */; };
		C77654A1197945DE007C61CA /* Main.storyboard in Resources */ = {isa = PBXBuildFile; fileRef = C776549F197945DE007C61CA /* Main.storyboard */; };
		C77654A3197945DE007C61CA /* Images.xcassets in Resources */ = {isa = PBXBuildFile; fileRef = C77654A2197945DE007C61CA /* Images.xcassets */; };
		C77654AF197945DE007C61CA /* PersistenceAppSwiftTests.swift in Sources */ = {isa = PBXBuildFile; fileRef = C77654AE197945DE007C61CA /* PersistenceAppSwiftTests.swift */; };
		C77654BA1979461B007C61CA /* PersistenceAppSwift.xcdatamodeld in Sources */ = {isa = PBXBuildFile; fileRef = C77654B81979461B007C61CA /* PersistenceAppSwift.xcdatamodeld */; };
		C77654BC19794648007C61CA /* Persistence.swift in Sources */ = {isa = PBXBuildFile; fileRef = C77654BB19794648007C61CA /* Persistence.swift */; };
/* End PBXBuildFile section */

/* Begin PBXContainerItemProxy section */
		C77654A9197945DE007C61CA /* PBXContainerItemProxy */ = {
			isa = PBXContainerItemProxy;
			containerPortal = C776548E197945DE007C61CA /* Project object */;
			proxyType = 1;
			remoteGlobalIDString = C7765495197945DE007C61CA;
			remoteInfo = PersistenceAppSwift;
		};
/* End PBXContainerItemProxy section */

/* Begin PBXFileReference section */
		C7765496197945DE007C61CA /* PersistenceAppSwift.app */ = {isa = PBXFileReference; explicitFileType = wrapper.application; includeInIndex = 0; path = PersistenceAppSwift.app; sourceTree = BUILT_PRODUCTS_DIR; };
		C776549A197945DE007C61CA /* Info.plist */ = {isa = PBXFileReference; lastKnownFileType = text.plist.xml; path = Info.plist; sourceTree = "<group>"; };
		C776549B197945DE007C61CA /* AppDelegate.swift */ = {isa = PBXFileReference; lastKnownFileType = sourcecode.swift; path = AppDelegate.swift; sourceTree = "<group>"; };
		C776549D197945DE007C61CA /* ViewController.swift */ = {isa = PBXFileReference; lastKnownFileType = sourcecode.swift; path = ViewController.swift; sourceTree = "<group>"; };
		C77654A0197945DE007C61CA /* Base */ = {isa = PBXFileReference; lastKnownFileType = file.storyboard; name = Base; path = Base.lproj/Main.storyboard; sourceTree = "<group>"; };
		C77654A2197945DE007C61CA /* Images.xcassets */ = {isa = PBXFileReference; lastKnownFileType = folder.assetcatalog; path = Images.xcassets; sourceTree = "<group>"; };
		C77654A8197945DE007C61CA /* PersistenceAppSwiftTests.xctest */ = {isa = PBXFileReference; explicitFileType = wrapper.cfbundle; includeInIndex = 0; path = PersistenceAppSwiftTests.xctest; sourceTree = BUILT_PRODUCTS_DIR; };
		C77654AD197945DE007C61CA /* Info.plist */ = {isa = PBXFileReference; lastKnownFileType = text.plist.xml; path = Info.plist; sourceTree = "<group>"; };
		C77654AE197945DE007C61CA /* PersistenceAppSwiftTests.swift */ = {isa = PBXFileReference; lastKnownFileType = sourcecode.swift; path = PersistenceAppSwiftTests.swift; sourceTree = "<group>"; };
		C77654B91979461B007C61CA /* PersistenceAppSwift.xcdatamodel */ = {isa = PBXFileReference; lastKnownFileType = wrapper.xcdatamodel; path = PersistenceAppSwift.xcdatamodel; sourceTree = "<group>"; };
		C77654BB19794648007C61CA /* Persistence.swift */ = {isa = PBXFileReference; fileEncoding = 4; lastKnownFileType = sourcecode.swift; path = Persistence.swift; sourceTree = "<group>"; };
/* End PBXFileReference section */

/* Begin PBXFrameworksBuildPhase section */
		C7765493197945DE007C61CA /* Frameworks */ = {
			isa = PBXFrameworksBuildPhase;
			buildActionMask = 2147483647;
			files = (
			);
			runOnlyForDeploymentPostprocessing = 0;
		};
		C77654A5197945DE007C61CA /* Frameworks */ = {
			isa = PBXFrameworksBuildPhase;
			buildActionMask = 2147483647;
			files = (
			);
			runOnlyForDeploymentPostprocessing = 0;
		};
/* End PBXFrameworksBuildPhase section */

/* Begin PBXGroup section */
		C776548D197945DE007C61CA = {
			isa = PBXGroup;
			children = (
				C7765498197945DE007C61CA /* PersistenceAppSwift */,
				C77654AB197945DE007C61CA /* PersistenceAppSwiftTests */,
				C7765497197945DE007C61CA /* Products */,
			);
			sourceTree = "<group>";
		};
		C7765497197945DE007C61CA /* Products */ = {
			isa = PBXGroup;
			children = (
				C7765496197945DE007C61CA /* PersistenceAppSwift.app */,
				C77654A8197945DE007C61CA /* PersistenceAppSwiftTests.xctest */,
			);
			name = Products;
			sourceTree = "<group>";
		};
		C7765498197945DE007C61CA /* PersistenceAppSwift */ = {
			isa = PBXGroup;
			children = (
				C776549B197945DE007C61CA /* AppDelegate.swift */,
				C776549D197945DE007C61CA /* ViewController.swift */,
				C776549F197945DE007C61CA /* Main.storyboard */,
				C77654A2197945DE007C61CA /* Images.xcassets */,
				C7765499197945DE007C61CA /* Supporting Files */,
				C77654B81979461B007C61CA /* PersistenceAppSwift.xcdatamodeld */,
				C77654BB19794648007C61CA /* Persistence.swift */,
			);
			path = PersistenceAppSwift;
			sourceTree = "<group>";
		};
		C7765499197945DE007C61CA /* Supporting Files */ = {
			isa = PBXGroup;
			children = (
				C776549A197945DE007C61CA /* Info.plist */,
			);
			name = "Supporting Files";
			sourceTree = "<group>";
		};
		C77654AB197945DE007C61CA /* PersistenceAppSwiftTests */ = {
			isa = PBXGroup;
			children = (
				C77654AE197945DE007C61CA /* PersistenceAppSwiftTests.swift */,
				C77654AC197945DE007C61CA /* Supporting Files */,
			);
			path = PersistenceAppSwiftTests;
			sourceTree = "<group>";
		};
		C77654AC197945DE007C61CA /* Supporting Files */ = {
			isa = PBXGroup;
			children = (
				C77654AD197945DE007C61CA /* Info.plist */,
			);
			name = "Supporting Files";
			sourceTree = "<group>";
		};
/* End PBXGroup section */

/* Begin PBXNativeTarget section */
		C7765495197945DE007C61CA /* PersistenceAppSwift */ = {
			isa = PBXNativeTarget;
			buildConfigurationList = C77654B2197945DE007C61CA /* Build configuration list for PBXNativeTarget "PersistenceAppSwift" */;
			buildPhases = (
				C7765492197945DE007C61CA /* Sources */,
				C7765493197945DE007C61CA /* Frameworks */,
				C7765494197945DE007C61CA /* Resources */,
			);
			buildRules = (
			);
			dependencies = (
			);
			name = PersistenceAppSwift;
			productName = PersistenceAppSwift;
			productReference = C7765496197945DE007C61CA /* PersistenceAppSwift.app */;
			productType = "com.apple.product-type.application";
		};
		C77654A7197945DE007C61CA /* PersistenceAppSwiftTests */ = {
			isa = PBXNativeTarget;
			buildConfigurationList = C77654B5197945DE007C61CA /* Build configuration list for PBXNativeTarget "PersistenceAppSwiftTests" */;
			buildPhases = (
				C77654A4197945DE007C61CA /* Sources */,
				C77654A5197945DE007C61CA /* Frameworks */,
				C77654A6197945DE007C61CA /* Resources */,
			);
			buildRules = (
			);
			dependencies = (
				C77654AA197945DE007C61CA /* PBXTargetDependency */,
			);
			name = PersistenceAppSwiftTests;
			productName = PersistenceAppSwiftTests;
			productReference = C77654A8197945DE007C61CA /* PersistenceAppSwiftTests.xctest */;
			productType = "com.apple.product-type.bundle.unit-test";
		};
/* End PBXNativeTarget section */

/* Begin PBXProject section */
		C776548E197945DE007C61CA /* Project object */ = {
			isa = PBXProject;
			attributes = {
				LastUpgradeCheck = 0600;
				ORGANIZATIONNAME = "Michael Privat and Rob Warner";
				TargetAttributes = {
					C7765495197945DE007C61CA = {
						CreatedOnToolsVersion = 6.0;
					};
					C77654A7197945DE007C61CA = {
						CreatedOnToolsVersion = 6.0;
						TestTargetID = C7765495197945DE007C61CA;
					};
				};
			};
			buildConfigurationList = C7765491197945DE007C61CA /* Build configuration list for PBXProject "PersistenceAppSwift" */;
			compatibilityVersion = "Xcode 3.2";
			developmentRegion = English;
			hasScannedForEncodings = 0;
			knownRegions = (
				en,
				Base,
			);
			mainGroup = C776548D197945DE007C61CA;
			productRefGroup = C7765497197945DE007C61CA /* Products */;
			projectDirPath = "";
			projectRoot = "";
			targets = (
				C7765495197945DE007C61CA /* PersistenceAppSwift */,
				C77654A7197945DE007C61CA /* PersistenceAppSwiftTests */,
			);
		};
/* End PBXProject section */

/* Begin PBXResourcesBuildPhase section */
		C7765494197945DE007C61CA /* Resources */ = {
			isa = PBXResourcesBuildPhase;
			buildActionMask = 2147483647;
			files = (
				C77654A1197945DE007C61CA /* Main.storyboard in Resources */,
				C77654A3197945DE007C61CA /* Images.xcassets in Resources */,
			);
			runOnlyForDeploymentPostprocessing = 0;
		};
		C77654A6197945DE007C61CA /* Resources */ = {
			isa = PBXResourcesBuildPhase;
			buildActionMask = 2147483647;
			files = (
			);
			runOnlyForDeploymentPostprocessing = 0;
		};
/* End PBXResourcesBuildPhase section */

/* Begin PBXSourcesBuildPhase section */
		C7765492197945DE007C61CA /* Sources */ = {
			isa = PBXSourcesBuildPhase;
			buildActionMask = 2147483647;
			files = (
				C776549E197945DE007C61CA /* ViewController.swift in Sources */,
				C77654BC19794648007C61CA /* Persistence.swift in Sources */,
				C776549C197945DE007C61CA /* AppDelegate.swift in Sources */,
				C77654BA1979461B007C61CA /* PersistenceAppSwift.xcdatamodeld in Sources */,
			);
			runOnlyForDeploymentPostprocessing = 0;
		};
		C77654A4197945DE007C61CA /* Sources */ = {
			isa = PBXSourcesBuildPhase;
			buildActionMask = 2147483647;
			files = (
				C77654AF197945DE007C61CA /* PersistenceAppSwiftTests.swift in Sources */,
			);
			runOnlyForDeploymentPostprocessing = 0;
		};
/* End PBXSourcesBuildPhase section */

/* Begin PBXTargetDependency section */
		C77654AA197945DE007C61CA /* PBXTargetDependency */ = {
			isa = PBXTargetDependency;
			target = C7765495197945DE007C61CA /* PersistenceAppSwift */;
			targetProxy = C77654A9197945DE007C61CA /* PBXContainerItemProxy */;
		};
/* End PBXTargetDependency section */

/* Begin PBXVariantGroup section */
		C776549F197945DE007C61CA /* Main.storyboard */ = {
			isa = PBXVariantGroup;
			children = (
				C77654A0197945DE007C61CA /* Base */,
			);
			name = Main.storyboard;
			sourceTree = "<group>";
		};
/* End PBXVariantGroup section */

/* Begin XCBuildConfiguration section */
		C77654B0197945DE007C61CA /* Debug */ = {
			isa = XCBuildConfiguration;
			buildSettings = {
				ALWAYS_SEARCH_USER_PATHS = NO;
				CLANG_CXX_LANGUAGE_STANDARD = "gnu++0x";
				CLANG_CXX_LIBRARY = "libc++";
				CLANG_ENABLE_MODULES = YES;
				CLANG_ENABLE_OBJC_ARC = YES;
				CLANG_WARN_BOOL_CONVERSION = YES;
				CLANG_WARN_CONSTANT_CONVERSION = YES;
				CLANG_WARN_DIRECT_OBJC_ISA_USAGE = YES_ERROR;
				CLANG_WARN_EMPTY_BODY = YES;
				CLANG_WARN_ENUM_CONVERSION = YES;
				CLANG_WARN_INT_CONVERSION = YES;
				CLANG_WARN_OBJC_ROOT_CLASS = YES_ERROR;
				CLANG_WARN_UNREACHABLE_CODE = YES;
				CLANG_WARN__DUPLICATE_METHOD_MATCH = YES;
				"CODE_SIGN_IDENTITY[sdk=iphoneos*]" = "iPhone Developer";
				COPY_PHASE_STRIP = NO;
				ENABLE_STRICT_OBJC_MSGSEND = YES;
				GCC_C_LANGUAGE_STANDARD = gnu99;
				GCC_DYNAMIC_NO_PIC = NO;
				GCC_OPTIMIZATION_LEVEL = 0;
				GCC_PREPROCESSOR_DEFINITIONS = (
					"DEBUG=1",
					"$(inherited)",
				);
				GCC_SYMBOLS_PRIVATE_EXTERN = NO;
				GCC_WARN_64_TO_32_BIT_CONVERSION = YES;
				GCC_WARN_ABOUT_RETURN_TYPE = YES_ERROR;
				GCC_WARN_UNDECLARED_SELECTOR = YES;
				GCC_WARN_UNINITIALIZED_AUTOS = YES_AGGRESSIVE;
				GCC_WARN_UNUSED_FUNCTION = YES;
				GCC_WARN_UNUSED_VARIABLE = YES;
				IPHONEOS_DEPLOYMENT_TARGET = 8.0;
				MTL_ENABLE_DEBUG_INFO = YES;
				ONLY_ACTIVE_ARCH = YES;
				SDKROOT = iphoneos;
				SWIFT_OPTIMIZATION_LEVEL = "-Onone";
			};
			name = Debug;
		};
		C77654B1197945DE007C61CA /* Release */ = {
			isa = XCBuildConfiguration;
			buildSettings = {
				ALWAYS_SEARCH_USER_PATHS = NO;
				CLANG_CXX_LANGUAGE_STANDARD = "gnu++0x";
				CLANG_CXX_LIBRARY = "libc++";
				CLANG_ENABLE_MODULES = YES;
				CLANG_ENABLE_OBJC_ARC = YES;
				CLANG_WARN_BOOL_CONVERSION = YES;
				CLANG_WARN_CONSTANT_CONVERSION = YES;
				CLANG_WARN_DIRECT_OBJC_ISA_USAGE = YES_ERROR;
				CLANG_WARN_EMPTY_BODY = YES;
				CLANG_WARN_ENUM_CONVERSION = YES;
				CLANG_WARN_INT_CONVERSION = YES;
				CLANG_WARN_OBJC_ROOT_CLASS = YES_ERROR;
				CLANG_WARN_UNREACHABLE_CODE = YES;
				CLANG_WARN__DUPLICATE_METHOD_MATCH = YES;
				"CODE_SIGN_IDENTITY[sdk=iphoneos*]" = "iPhone Developer";
				COPY_PHASE_STRIP = YES;
				ENABLE_NS_ASSERTIONS = NO;
				ENABLE_STRICT_OBJC_MSGSEND = YES;
				GCC_C_LANGUAGE_STANDARD = gnu99;
				GCC_WARN_64_TO_32_BIT_CONVERSION = YES;
				GCC_WARN_ABOUT_RETURN_TYPE = YES_ERROR;
				GCC_WARN_UNDECLARED_SELECTOR = YES;
				GCC_WARN_UNINITIALIZED_AUTOS = YES_AGGRESSIVE;
				GCC_WARN_UNUSED_FUNCTION = YES;
				GCC_WARN_UNUSED_VARIABLE = YES;
				IPHONEOS_DEPLOYMENT_TARGET = 8.0;
				MTL_ENABLE_DEBUG_INFO = NO;
				SDKROOT = iphoneos;
				VALIDATE_PRODUCT = YES;
			};
			name = Release;
		};
		C77654B3197945DE007C61CA /* Debug */ = {
			isa = XCBuildConfiguration;
			buildSettings = {
				ASSETCATALOG_COMPILER_APPICON_NAME = AppIcon;
				ASSETCATALOG_COMPILER_LAUNCHIMAGE_NAME = LaunchImage;
				INFOPLIST_FILE = PersistenceAppSwift/Info.plist;
				LD_RUNPATH_SEARCH_PATHS = "$(inherited) @executable_path/Frameworks";
				PRODUCT_NAME = "$(TARGET_NAME)";
			};
			name = Debug;
		};
		C77654B4197945DE007C61CA /* Release */ = {
			isa = XCBuildConfiguration;
			buildSettings = {
				ASSETCATALOG_COMPILER_APPICON_NAME = AppIcon;
				ASSETCATALOG_COMPILER_LAUNCHIMAGE_NAME = LaunchImage;
				INFOPLIST_FILE = PersistenceAppSwift/Info.plist;
				LD_RUNPATH_SEARCH_PATHS = "$(inherited) @executable_path/Frameworks";
				PRODUCT_NAME = "$(TARGET_NAME)";
			};
			name = Release;
		};
		C77654B6197945DE007C61CA /* Debug */ = {
			isa = XCBuildConfiguration;
			buildSettings = {
				BUNDLE_LOADER = "$(BUILT_PRODUCTS_DIR)/PersistenceAppSwift.app/PersistenceAppSwift";
				FRAMEWORK_SEARCH_PATHS = (
					"$(SDKROOT)/Developer/Library/Frameworks",
					"$(inherited)",
				);
				GCC_PREPROCESSOR_DEFINITIONS = (
					"DEBUG=1",
					"$(inherited)",
				);
				INFOPLIST_FILE = PersistenceAppSwiftTests/Info.plist;
				LD_RUNPATH_SEARCH_PATHS = "$(inherited) @executable_path/Frameworks @loader_path/Frameworks";
				PRODUCT_NAME = "$(TARGET_NAME)";
				TEST_HOST = "$(BUNDLE_LOADER)";
			};
			name = Debug;
		};
		C77654B7197945DE007C61CA /* Release */ = {
			isa = XCBuildConfiguration;
			buildSettings = {
				BUNDLE_LOADER = "$(BUILT_PRODUCTS_DIR)/PersistenceAppSwift.app/PersistenceAppSwift";
				FRAMEWORK_SEARCH_PATHS = (
					"$(SDKROOT)/Developer/Library/Frameworks",
					"$(inherited)",
				);
				INFOPLIST_FILE = PersistenceAppSwiftTests/Info.plist;
				LD_RUNPATH_SEARCH_PATHS = "$(inherited) @executable_path/Frameworks @loader_path/Frameworks";
				PRODUCT_NAME = "$(TARGET_NAME)";
				TEST_HOST = "$(BUNDLE_LOADER)";
			};
			name = Release;
		};
/* End XCBuildConfiguration section */

/* Begin XCConfigurationList section */
		C7765491197945DE007C61CA /* Build configuration list for PBXProject "PersistenceAppSwift" */ = {
			isa = XCConfigurationList;
			buildConfigurations = (
				C77654B0197945DE007C61CA /* Debug */,
				C77654B1197945DE007C61CA /* Release */,
			);
			defaultConfigurationIsVisible = 0;
			defaultConfigurationName = Release;
		};
		C77654B2197945DE007C61CA /* Build configuration list for PBXNativeTarget "PersistenceAppSwift" */ = {
			isa = XCConfigurationList;
			buildConfigurations = (
				C77654B3197945DE007C61CA /* Debug */,
				C77654B4197945DE007C61CA /* Release */,
			);
			defaultConfigurationIsVisible = 0;
		};
		C77654B5197945DE007C61CA /* Build configuration list for PBXNativeTarget "PersistenceAppSwiftTests" */ = {
			isa = XCConfigurationList;
			buildConfigurations = (
				C77654B6197945DE007C61CA /* Debug */,
				C77654B7197945DE007C61CA /* Release */,
			);
			defaultConfigurationIsVisible = 0;
		};
/* End XCConfigurationList section */

/* Begin XCVersionGroup section */
		C77654B81979461B007C61CA /* PersistenceAppSwift.xcdatamodeld */ = {
			isa = XCVersionGroup;
			children = (
				C77654B91979461B007C61CA /* PersistenceAppSwift.xcdatamodel */,
			);
			currentVersion = C77654B91979461B007C61CA /* PersistenceAppSwift.xcdatamodel */;
			path = PersistenceAppSwift.xcdatamodeld;
			sourceTree = "<group>";
			versionGroupType = wrapper.xcdatamodel;
		};
/* End XCVersionGroup section */
	};
	rootObject = C776548E197945DE007C61CA /* Project object */;
}
