// !$*UTF8*$!
{
	archiveVersion = 1;
	classes = {
	};
	objectVersion = 46;
	objects = {

/* Begin PBXBuildFile section */
		C7B7361B1A0B98AB00123F00 /* main.m in Sources */ = {isa = PBXBuildFile; fileRef = C7B7361A1A0B98AB00123F00 /* main.m */; };
		C7B7361E1A0B98AB00123F00 /* AppDelegate.m in Sources */ = {isa = PBXBuildFile; fileRef = C7B7361D1A0B98AB00123F00 /* AppDelegate.m */; };
		C7B736211A0B98AB00123F00 /* ViewController.m in Sources */ = {isa = PBXBuildFile; fileRef = C7B736201A0B98AB00123F00 /* ViewController.m */; };
		C7B736241A0B98AB00123F00 /* Main.storyboard in Resources */ = {isa = PBXBuildFile; fileRef = C7B736221A0B98AB00123F00 /* Main.storyboard */; };
		C7B736261A0B98AB00123F00 /* Images.xcassets in Resources */ = {isa = PBXBuildFile; fileRef = C7B736251A0B98AB00123F00 /* Images.xcassets */; };
		C7B736291A0B98AB00123F00 /* LaunchScreen.xib in Resources */ = {isa = PBXBuildFile; fileRef = C7B736271A0B98AB00123F00 /* LaunchScreen.xib */; };
		C7B736351A0B98AB00123F00 /* MultiThreadTests.m in Sources */ = {isa = PBXBuildFile; fileRef = C7B736341A0B98AB00123F00 /* MultiThreadTests.m */; };
		C7B736401A0B995A00123F00 /* MultiThread.xcdatamodeld in Sources */ = {isa = PBXBuildFile; fileRef = C7B7363E1A0B995A00123F00 /* MultiThread.xcdatamodeld */; };
		C7B736431A0B9A4E00123F00 /* Persistence.m in Sources */ = {isa = PBXBuildFile; fileRef = C7B736421A0B9A4E00123F00 /* Persistence.m */; };
/* End PBXBuildFile section */

/* Begin PBXContainerItemProxy section */
		C7B7362F1A0B98AB00123F00 /* PBXContainerItemProxy */ = {
			isa = PBXContainerItemProxy;
			containerPortal = C7B7360D1A0B98AB00123F00 /* Project object */;
			proxyType = 1;
			remoteGlobalIDString = C7B736141A0B98AB00123F00;
			remoteInfo = MultiThread;
		};
/* End PBXContainerItemProxy section */

/* Begin PBXFileReference section */
		C7B736151A0B98AB00123F00 /* MultiThread.app */ = {isa = PBXFileReference; explicitFileType = wrapper.application; includeInIndex = 0; path = MultiThread.app; sourceTree = BUILT_PRODUCTS_DIR; };
		C7B736191A0B98AB00123F00 /* Info.plist */ = {isa = PBXFileReference; lastKnownFileType = text.plist.xml; path = Info.plist; sourceTree = "<group>"; };
		C7B7361A1A0B98AB00123F00 /* main.m */ = {isa = PBXFileReference; lastKnownFileType = sourcecode.c.objc; path = main.m; sourceTree = "<group>"; };
		C7B7361C1A0B98AB00123F00 /* AppDelegate.h */ = {isa = PBXFileReference; lastKnownFileType = sourcecode.c.h; path = AppDelegate.h; sourceTree = "<group>"; };
		C7B7361D1A0B98AB00123F00 /* AppDelegate.m */ = {isa = PBXFileReference; lastKnownFileType = sourcecode.c.objc; path = AppDelegate.m; sourceTree = "<group>"; };
		C7B7361F1A0B98AB00123F00 /* ViewController.h */ = {isa = PBXFileReference; lastKnownFileType = sourcecode.c.h; path = ViewController.h; sourceTree = "<group>"; };
		C7B736201A0B98AB00123F00 /* ViewController.m */ = {isa = PBXFileReference; lastKnownFileType = sourcecode.c.objc; path = ViewController.m; sourceTree = "<group>"; };
		C7B736231A0B98AB00123F00 /* Base */ = {isa = PBXFileReference; lastKnownFileType = file.storyboard; name = Base; path = Base.lproj/Main.storyboard; sourceTree = "<group>"; };
		C7B736251A0B98AB00123F00 /* Images.xcassets */ = {isa = PBXFileReference; lastKnownFileType = folder.assetcatalog; path = Images.xcassets; sourceTree = "<group>"; };
		C7B736281A0B98AB00123F00 /* Base */ = {isa = PBXFileReference; lastKnownFileType = file.xib; name = Base; path = Base.lproj/LaunchScreen.xib; sourceTree = "<group>"; };
		C7B7362E1A0B98AB00123F00 /* MultiThreadTests.xctest */ = {isa = PBXFileReference; explicitFileType = wrapper.cfbundle; includeInIndex = 0; path = MultiThreadTests.xctest; sourceTree = BUILT_PRODUCTS_DIR; };
		C7B736331A0B98AB00123F00 /* Info.plist */ = {isa = PBXFileReference; lastKnownFileType = text.plist.xml; path = Info.plist; sourceTree = "<group>"; };
		C7B736341A0B98AB00123F00 /* MultiThreadTests.m */ = {isa = PBXFileReference; lastKnownFileType = sourcecode.c.objc; path = MultiThreadTests.m; sourceTree = "<group>"; };
		C7B7363F1A0B995A00123F00 /* MultiThread.xcdatamodel */ = {isa = PBXFileReference; lastKnownFileType = wrapper.xcdatamodel; path = MultiThread.xcdatamodel; sourceTree = "<group>"; };
		C7B736411A0B9A4E00123F00 /* Persistence.h */ = {isa = PBXFileReference; fileEncoding = 4; lastKnownFileType = sourcecode.c.h; path = Persistence.h; sourceTree = "<group>"; };
		C7B736421A0B9A4E00123F00 /* Persistence.m */ = {isa = PBXFileReference; fileEncoding = 4; lastKnownFileType = sourcecode.c.objc; path = Persistence.m; sourceTree = "<group>"; };
/* End PBXFileReference section */

/* Begin PBXFrameworksBuildPhase section */
		C7B736121A0B98AB00123F00 /* Frameworks */ = {
			isa = PBXFrameworksBuildPhase;
			buildActionMask = 2147483647;
			files = (
			);
			runOnlyForDeploymentPostprocessing = 0;
		};
		C7B7362B1A0B98AB00123F00 /* Frameworks */ = {
			isa = PBXFrameworksBuildPhase;
			buildActionMask = 2147483647;
			files = (
			);
			runOnlyForDeploymentPostprocessing = 0;
		};
/* End PBXFrameworksBuildPhase section */

/* Begin PBXGroup section */
		C7B7360C1A0B98AB00123F00 = {
			isa = PBXGroup;
			children = (
				C7B736171A0B98AB00123F00 /* MultiThread */,
				C7B736311A0B98AB00123F00 /* MultiThreadTests */,
				C7B736161A0B98AB00123F00 /* Products */,
			);
			sourceTree = "<group>";
		};
		C7B736161A0B98AB00123F00 /* Products */ = {
			isa = PBXGroup;
			children = (
				C7B736151A0B98AB00123F00 /* MultiThread.app */,
				C7B7362E1A0B98AB00123F00 /* MultiThreadTests.xctest */,
			);
			name = Products;
			sourceTree = "<group>";
		};
		C7B736171A0B98AB00123F00 /* MultiThread */ = {
			isa = PBXGroup;
			children = (
				C7B736411A0B9A4E00123F00 /* Persistence.h */,
				C7B736421A0B9A4E00123F00 /* Persistence.m */,
				C7B7361C1A0B98AB00123F00 /* AppDelegate.h */,
				C7B7361D1A0B98AB00123F00 /* AppDelegate.m */,
				C7B7361F1A0B98AB00123F00 /* ViewController.h */,
				C7B736201A0B98AB00123F00 /* ViewController.m */,
				C7B736221A0B98AB00123F00 /* Main.storyboard */,
				C7B736251A0B98AB00123F00 /* Images.xcassets */,
				C7B736271A0B98AB00123F00 /* LaunchScreen.xib */,
				C7B736181A0B98AB00123F00 /* Supporting Files */,
				C7B7363E1A0B995A00123F00 /* MultiThread.xcdatamodeld */,
			);
			path = MultiThread;
			sourceTree = "<group>";
		};
		C7B736181A0B98AB00123F00 /* Supporting Files */ = {
			isa = PBXGroup;
			children = (
				C7B736191A0B98AB00123F00 /* Info.plist */,
				C7B7361A1A0B98AB00123F00 /* main.m */,
			);
			name = "Supporting Files";
			sourceTree = "<group>";
		};
		C7B736311A0B98AB00123F00 /* MultiThreadTests */ = {
			isa = PBXGroup;
			children = (
				C7B736341A0B98AB00123F00 /* MultiThreadTests.m */,
				C7B736321A0B98AB00123F00 /* Supporting Files */,
			);
			path = MultiThreadTests;
			sourceTree = "<group>";
		};
		C7B736321A0B98AB00123F00 /* Supporting Files */ = {
			isa = PBXGroup;
			children = (
				C7B736331A0B98AB00123F00 /* Info.plist */,
			);
			name = "Supporting Files";
			sourceTree = "<group>";
		};
/* End PBXGroup section */

/* Begin PBXNativeTarget section */
		C7B736141A0B98AB00123F00 /* MultiThread */ = {
			isa = PBXNativeTarget;
			buildConfigurationList = C7B736381A0B98AB00123F00 /* Build configuration list for PBXNativeTarget "MultiThread" */;
			buildPhases = (
				C7B736111A0B98AB00123F00 /* Sources */,
				C7B736121A0B98AB00123F00 /* Frameworks */,
				C7B736131A0B98AB00123F00 /* Resources */,
			);
			buildRules = (
			);
			dependencies = (
			);
			name = MultiThread;
			productName = MultiThread;
			productReference = C7B736151A0B98AB00123F00 /* MultiThread.app */;
			productType = "com.apple.product-type.application";
		};
		C7B7362D1A0B98AB00123F00 /* MultiThreadTests */ = {
			isa = PBXNativeTarget;
			buildConfigurationList = C7B7363B1A0B98AB00123F00 /* Build configuration list for PBXNativeTarget "MultiThreadTests" */;
			buildPhases = (
				C7B7362A1A0B98AB00123F00 /* Sources */,
				C7B7362B1A0B98AB00123F00 /* Frameworks */,
				C7B7362C1A0B98AB00123F00 /* Resources */,
			);
			buildRules = (
			);
			dependencies = (
				C7B736301A0B98AB00123F00 /* PBXTargetDependency */,
			);
			name = MultiThreadTests;
			productName = MultiThreadTests;
			productReference = C7B7362E1A0B98AB00123F00 /* MultiThreadTests.xctest */;
			productType = "com.apple.product-type.bundle.unit-test";
		};
/* End PBXNativeTarget section */

/* Begin PBXProject section */
		C7B7360D1A0B98AB00123F00 /* Project object */ = {
			isa = PBXProject;
			attributes = {
				LastUpgradeCheck = 0610;
				ORGANIZATIONNAME = "Michael Privat and Rob Warner";
				TargetAttributes = {
					C7B736141A0B98AB00123F00 = {
						CreatedOnToolsVersion = 6.1;
					};
					C7B7362D1A0B98AB00123F00 = {
						CreatedOnToolsVersion = 6.1;
						TestTargetID = C7B736141A0B98AB00123F00;
					};
				};
			};
			buildConfigurationList = C7B736101A0B98AB00123F00 /* Build configuration list for PBXProject "MultiThread" */;
			compatibilityVersion = "Xcode 3.2";
			developmentRegion = English;
			hasScannedForEncodings = 0;
			knownRegions = (
				en,
				Base,
			);
			mainGroup = C7B7360C1A0B98AB00123F00;
			productRefGroup = C7B736161A0B98AB00123F00 /* Products */;
			projectDirPath = "";
			projectRoot = "";
			targets = (
				C7B736141A0B98AB00123F00 /* MultiThread */,
				C7B7362D1A0B98AB00123F00 /* MultiThreadTests */,
			);
		};
/* End PBXProject section */

/* Begin PBXResourcesBuildPhase section */
		C7B736131A0B98AB00123F00 /* Resources */ = {
			isa = PBXResourcesBuildPhase;
			buildActionMask = 2147483647;
			files = (
				C7B736241A0B98AB00123F00 /* Main.storyboard in Resources */,
				C7B736291A0B98AB00123F00 /* LaunchScreen.xib in Resources */,
				C7B736261A0B98AB00123F00 /* Images.xcassets in Resources */,
			);
			runOnlyForDeploymentPostprocessing = 0;
		};
		C7B7362C1A0B98AB00123F00 /* Resources */ = {
			isa = PBXResourcesBuildPhase;
			buildActionMask = 2147483647;
			files = (
			);
			runOnlyForDeploymentPostprocessing = 0;
		};
/* End PBXResourcesBuildPhase section */

/* Begin PBXSourcesBuildPhase section */
		C7B736111A0B98AB00123F00 /* Sources */ = {
			isa = PBXSourcesBuildPhase;
			buildActionMask = 2147483647;
			files = (
				C7B736431A0B9A4E00123F00 /* Persistence.m in Sources */,
				C7B736211A0B98AB00123F00 /* ViewController.m in Sources */,
				C7B7361E1A0B98AB00123F00 /* AppDelegate.m in Sources */,
				C7B7361B1A0B98AB00123F00 /* main.m in Sources */,
				C7B736401A0B995A00123F00 /* MultiThread.xcdatamodeld in Sources */,
			);
			runOnlyForDeploymentPostprocessing = 0;
		};
		C7B7362A1A0B98AB00123F00 /* Sources */ = {
			isa = PBXSourcesBuildPhase;
			buildActionMask = 2147483647;
			files = (
				C7B736351A0B98AB00123F00 /* MultiThreadTests.m in Sources */,
			);
			runOnlyForDeploymentPostprocessing = 0;
		};
/* End PBXSourcesBuildPhase section */

/* Begin PBXTargetDependency section */
		C7B736301A0B98AB00123F00 /* PBXTargetDependency */ = {
			isa = PBXTargetDependency;
			target = C7B736141A0B98AB00123F00 /* MultiThread */;
			targetProxy = C7B7362F1A0B98AB00123F00 /* PBXContainerItemProxy */;
		};
/* End PBXTargetDependency section */

/* Begin PBXVariantGroup section */
		C7B736221A0B98AB00123F00 /* Main.storyboard */ = {
			isa = PBXVariantGroup;
			children = (
				C7B736231A0B98AB00123F00 /* Base */,
			);
			name = Main.storyboard;
			sourceTree = "<group>";
		};
		C7B736271A0B98AB00123F00 /* LaunchScreen.xib */ = {
			isa = PBXVariantGroup;
			children = (
				C7B736281A0B98AB00123F00 /* Base */,
			);
			name = LaunchScreen.xib;
			sourceTree = "<group>";
		};
/* End PBXVariantGroup section */

/* Begin XCBuildConfiguration section */
		C7B736361A0B98AB00123F00 /* Debug */ = {
			isa = XCBuildConfiguration;
			buildSettings = {
				ALWAYS_SEARCH_USER_PATHS = NO;
				CLANG_CXX_LANGUAGE_STANDARD = "gnu++0x";
				CLANG_CXX_LIBRARY = "libc++";
				CLANG_ENABLE_MODULES = YES;
				CLANG_ENABLE_OBJC_ARC = YES;
				CLANG_WARN_BOOL_CONVERSION = YES;
				CLANG_WARN_CONSTANT_CONVERSION = YES;
				CLANG_WARN_DIRECT_OBJC_ISA_USAGE = YES_ERROR;
				CLANG_WARN_EMPTY_BODY = YES;
				CLANG_WARN_ENUM_CONVERSION = YES;
				CLANG_WARN_INT_CONVERSION = YES;
				CLANG_WARN_OBJC_ROOT_CLASS = YES_ERROR;
				CLANG_WARN_UNREACHABLE_CODE = YES;
				CLANG_WARN__DUPLICATE_METHOD_MATCH = YES;
				"CODE_SIGN_IDENTITY[sdk=iphoneos*]" = "iPhone Developer";
				COPY_PHASE_STRIP = NO;
				ENABLE_STRICT_OBJC_MSGSEND = YES;
				GCC_C_LANGUAGE_STANDARD = gnu99;
				GCC_DYNAMIC_NO_PIC = NO;
				GCC_OPTIMIZATION_LEVEL = 0;
				GCC_PREPROCESSOR_DEFINITIONS = (
					"DEBUG=1",
					"$(inherited)",
				);
				GCC_SYMBOLS_PRIVATE_EXTERN = NO;
				GCC_WARN_64_TO_32_BIT_CONVERSION = YES;
				GCC_WARN_ABOUT_RETURN_TYPE = YES_ERROR;
				GCC_WARN_UNDECLARED_SELECTOR = YES;
				GCC_WARN_UNINITIALIZED_AUTOS = YES_AGGRESSIVE;
				GCC_WARN_UNUSED_FUNCTION = YES;
				GCC_WARN_UNUSED_VARIABLE = YES;
				IPHONEOS_DEPLOYMENT_TARGET = 8.1;
				MTL_ENABLE_DEBUG_INFO = YES;
				ONLY_ACTIVE_ARCH = YES;
				SDKROOT = iphoneos;
			};
			name = Debug;
		};
		C7B736371A0B98AB00123F00 /* Release */ = {
			isa = XCBuildConfiguration;
			buildSettings = {
				ALWAYS_SEARCH_USER_PATHS = NO;
				CLANG_CXX_LANGUAGE_STANDARD = "gnu++0x";
				CLANG_CXX_LIBRARY = "libc++";
				CLANG_ENABLE_MODULES = YES;
				CLANG_ENABLE_OBJC_ARC = YES;
				CLANG_WARN_BOOL_CONVERSION = YES;
				CLANG_WARN_CONSTANT_CONVERSION = YES;
				CLANG_WARN_DIRECT_OBJC_ISA_USAGE = YES_ERROR;
				CLANG_WARN_EMPTY_BODY = YES;
				CLANG_WARN_ENUM_CONVERSION = YES;
				CLANG_WARN_INT_CONVERSION = YES;
				CLANG_WARN_OBJC_ROOT_CLASS = YES_ERROR;
				CLANG_WARN_UNREACHABLE_CODE = YES;
				CLANG_WARN__DUPLICATE_METHOD_MATCH = YES;
				"CODE_SIGN_IDENTITY[sdk=iphoneos*]" = "iPhone Developer";
				COPY_PHASE_STRIP = YES;
				ENABLE_NS_ASSERTIONS = NO;
				ENABLE_STRICT_OBJC_MSGSEND = YES;
				GCC_C_LANGUAGE_STANDARD = gnu99;
				GCC_WARN_64_TO_32_BIT_CONVERSION = YES;
				GCC_WARN_ABOUT_RETURN_TYPE = YES_ERROR;
				GCC_WARN_UNDECLARED_SELECTOR = YES;
				GCC_WARN_UNINITIALIZED_AUTOS = YES_AGGRESSIVE;
				GCC_WARN_UNUSED_FUNCTION = YES;
				GCC_WARN_UNUSED_VARIABLE = YES;
				IPHONEOS_DEPLOYMENT_TARGET = 8.1;
				MTL_ENABLE_DEBUG_INFO = NO;
				SDKROOT = iphoneos;
				VALIDATE_PRODUCT = YES;
			};
			name = Release;
		};
		C7B736391A0B98AB00123F00 /* Debug */ = {
			isa = XCBuildConfiguration;
			buildSettings = {
				ASSETCATALOG_COMPILER_APPICON_NAME = AppIcon;
				INFOPLIST_FILE = MultiThread/Info.plist;
				IPHONEOS_DEPLOYMENT_TARGET = 8.1;
				LD_RUNPATH_SEARCH_PATHS = "$(inherited) @executable_path/Frameworks";
				PRODUCT_NAME = "$(TARGET_NAME)";
			};
			name = Debug;
		};
		C7B7363A1A0B98AB00123F00 /* Release */ = {
			isa = XCBuildConfiguration;
			buildSettings = {
				ASSETCATALOG_COMPILER_APPICON_NAME = AppIcon;
				INFOPLIST_FILE = MultiThread/Info.plist;
				IPHONEOS_DEPLOYMENT_TARGET = 8.1;
				LD_RUNPATH_SEARCH_PATHS = "$(inherited) @executable_path/Frameworks";
				PRODUCT_NAME = "$(TARGET_NAME)";
			};
			name = Release;
		};
		C7B7363C1A0B98AB00123F00 /* Debug */ = {
			isa = XCBuildConfiguration;
			buildSettings = {
				BUNDLE_LOADER = "$(TEST_HOST)";
				FRAMEWORK_SEARCH_PATHS = (
					"$(SDKROOT)/Developer/Library/Frameworks",
					"$(inherited)",
				);
				GCC_PREPROCESSOR_DEFINITIONS = (
					"DEBUG=1",
					"$(inherited)",
				);
				INFOPLIST_FILE = MultiThreadTests/Info.plist;
				LD_RUNPATH_SEARCH_PATHS = "$(inherited) @executable_path/Frameworks @loader_path/Frameworks";
				PRODUCT_NAME = "$(TARGET_NAME)";
				TEST_HOST = "$(BUILT_PRODUCTS_DIR)/MultiThread.app/MultiThread";
			};
			name = Debug;
		};
		C7B7363D1A0B98AB00123F00 /* Release */ = {
			isa = XCBuildConfiguration;
			buildSettings = {
				BUNDLE_LOADER = "$(TEST_HOST)";
				FRAMEWORK_SEARCH_PATHS = (
					"$(SDKROOT)/Developer/Library/Frameworks",
					"$(inherited)",
				);
				INFOPLIST_FILE = MultiThreadTests/Info.plist;
				LD_RUNPATH_SEARCH_PATHS = "$(inherited) @executable_path/Frameworks @loader_path/Frameworks";
				PRODUCT_NAME = "$(TARGET_NAME)";
				TEST_HOST = "$(BUILT_PRODUCTS_DIR)/MultiThread.app/MultiThread";
			};
			name = Release;
		};
/* End XCBuildConfiguration section */

/* Begin XCConfigurationList section */
		C7B736101A0B98AB00123F00 /* Build configuration list for PBXProject "MultiThread" */ = {
			isa = XCConfigurationList;
			buildConfigurations = (
				C7B736361A0B98AB00123F00 /* Debug */,
				C7B736371A0B98AB00123F00 /* Release */,
			);
			defaultConfigurationIsVisible = 0;
			defaultConfigurationName = Release;
		};
		C7B736381A0B98AB00123F00 /* Build configuration list for PBXNativeTarget "MultiThread" */ = {
			isa = XCConfigurationList;
			buildConfigurations = (
				C7B736391A0B98AB00123F00 /* Debug */,
				C7B7363A1A0B98AB00123F00 /* Release */,
			);
			defaultConfigurationIsVisible = 0;
		};
		C7B7363B1A0B98AB00123F00 /* Build configuration list for PBXNativeTarget "MultiThreadTests" */ = {
			isa = XCConfigurationList;
			buildConfigurations = (
				C7B7363C1A0B98AB00123F00 /* Debug */,
				C7B7363D1A0B98AB00123F00 /* Release */,
			);
			defaultConfigurationIsVisible = 0;
		};
/* End XCConfigurationList section */

/* Begin XCVersionGroup section */
		C7B7363E1A0B995A00123F00 /* MultiThread.xcdatamodeld */ = {
			isa = XCVersionGroup;
			children = (
				C7B7363F1A0B995A00123F00 /* MultiThread.xcdatamodel */,
			);
			currentVersion = C7B7363F1A0B995A00123F00 /* MultiThread.xcdatamodel */;
			path = MultiThread.xcdatamodeld;
			sourceTree = "<group>";
			versionGroupType = wrapper.xcdatamodel;
		};
/* End XCVersionGroup section */
	};
	rootObject = C7B7360D1A0B98AB00123F00 /* Project object */;
}
